// !$*UTF8*$!
{
	archiveVersion = 1;
	classes = {
	};
	objectVersion = 46;
	objects = {

/* Begin PBXBuildFile section */
		561D01041C47D94C00E4E013 /* main.m in Sources */ = {isa = PBXBuildFile; fileRef = 561D01031C47D94C00E4E013 /* main.m */; };
		561D010D1C47D94C00E4E013 /* Main.storyboard in Resources */ = {isa = PBXBuildFile; fileRef = 561D010B1C47D94C00E4E013 /* Main.storyboard */; };
		561D01121C47D94C00E4E013 /* LaunchScreen.storyboard in Resources */ = {isa = PBXBuildFile; fileRef = 561D01101C47D94C00E4E013 /* LaunchScreen.storyboard */; };
		561D011D1C47D94C00E4E013 /* rcTests.m in Sources */ = {isa = PBXBuildFile; fileRef = 561D011C1C47D94C00E4E013 /* rcTests.m */; };
		561D01281C47D94C00E4E013 /* rcUITests.m in Sources */ = {isa = PBXBuildFile; fileRef = 561D01271C47D94C00E4E013 /* rcUITests.m */; };
		561D01D01C47DA5600E4E013 /* Assets.xcassets in Resources */ = {isa = PBXBuildFile; fileRef = 561D01351C47DA5600E4E013 /* Assets.xcassets */; };
		561D01F61C47DA5600E4E013 /* AFHTTPSessionManager.m in Sources */ = {isa = PBXBuildFile; fileRef = 561D01851C47DA5600E4E013 /* AFHTTPSessionManager.m */; };
		561D01F71C47DA5600E4E013 /* AFNetworkReachabilityManager.m in Sources */ = {isa = PBXBuildFile; fileRef = 561D01881C47DA5600E4E013 /* AFNetworkReachabilityManager.m */; };
		561D01F81C47DA5600E4E013 /* AFSecurityPolicy.m in Sources */ = {isa = PBXBuildFile; fileRef = 561D018A1C47DA5600E4E013 /* AFSecurityPolicy.m */; };
		561D01F91C47DA5600E4E013 /* AFURLRequestSerialization.m in Sources */ = {isa = PBXBuildFile; fileRef = 561D018C1C47DA5600E4E013 /* AFURLRequestSerialization.m */; };
		561D01FA1C47DA5600E4E013 /* AFURLResponseSerialization.m in Sources */ = {isa = PBXBuildFile; fileRef = 561D018E1C47DA5600E4E013 /* AFURLResponseSerialization.m */; };
		561D01FB1C47DA5600E4E013 /* AFURLSessionManager.m in Sources */ = {isa = PBXBuildFile; fileRef = 561D01901C47DA5600E4E013 /* AFURLSessionManager.m */; };
		561D01FC1C47DA5600E4E013 /* LICENSE in Resources */ = {isa = PBXBuildFile; fileRef = 561D01911C47DA5600E4E013 /* LICENSE */; };
		561D01FD1C47DA5600E4E013 /* README.md in Sources */ = {isa = PBXBuildFile; fileRef = 561D01921C47DA5600E4E013 /* README.md */; };
		561D01FE1C47DA5600E4E013 /* AFAutoPurgingImageCache.m in Sources */ = {isa = PBXBuildFile; fileRef = 561D01951C47DA5600E4E013 /* AFAutoPurgingImageCache.m */; };
		561D01FF1C47DA5600E4E013 /* AFImageDownloader.m in Sources */ = {isa = PBXBuildFile; fileRef = 561D01971C47DA5600E4E013 /* AFImageDownloader.m */; };
		561D02001C47DA5600E4E013 /* AFNetworkActivityIndicatorManager.m in Sources */ = {isa = PBXBuildFile; fileRef = 561D01991C47DA5600E4E013 /* AFNetworkActivityIndicatorManager.m */; };
		561D02011C47DA5600E4E013 /* UIActivityIndicatorView+AFNetworking.m in Sources */ = {isa = PBXBuildFile; fileRef = 561D019B1C47DA5600E4E013 /* UIActivityIndicatorView+AFNetworking.m */; };
		561D02021C47DA5600E4E013 /* UIButton+AFNetworking.m in Sources */ = {isa = PBXBuildFile; fileRef = 561D019D1C47DA5600E4E013 /* UIButton+AFNetworking.m */; };
		561D02031C47DA5600E4E013 /* UIImageView+AFNetworking.m in Sources */ = {isa = PBXBuildFile; fileRef = 561D01A01C47DA5600E4E013 /* UIImageView+AFNetworking.m */; };
		561D02041C47DA5600E4E013 /* UIProgressView+AFNetworking.m in Sources */ = {isa = PBXBuildFile; fileRef = 561D01A31C47DA5600E4E013 /* UIProgressView+AFNetworking.m */; };
		561D02051C47DA5600E4E013 /* UIRefreshControl+AFNetworking.m in Sources */ = {isa = PBXBuildFile; fileRef = 561D01A51C47DA5600E4E013 /* UIRefreshControl+AFNetworking.m */; };
		561D02061C47DA5600E4E013 /* UIWebView+AFNetworking.m in Sources */ = {isa = PBXBuildFile; fileRef = 561D01A71C47DA5600E4E013 /* UIWebView+AFNetworking.m */; };
		561D02071C47DA5600E4E013 /* LICENSE in Resources */ = {isa = PBXBuildFile; fileRef = 561D01A91C47DA5600E4E013 /* LICENSE */; };
		561D02081C47DA5600E4E013 /* MASCompositeConstraint.m in Sources */ = {isa = PBXBuildFile; fileRef = 561D01AC1C47DA5600E4E013 /* MASCompositeConstraint.m */; };
		561D02091C47DA5600E4E013 /* MASConstraint.m in Sources */ = {isa = PBXBuildFile; fileRef = 561D01AF1C47DA5600E4E013 /* MASConstraint.m */; };
		561D020A1C47DA5600E4E013 /* MASConstraintMaker.m in Sources */ = {isa = PBXBuildFile; fileRef = 561D01B11C47DA5600E4E013 /* MASConstraintMaker.m */; };
		561D020B1C47DA5600E4E013 /* MASLayoutConstraint.m in Sources */ = {isa = PBXBuildFile; fileRef = 561D01B31C47DA5600E4E013 /* MASLayoutConstraint.m */; };
		561D020C1C47DA5600E4E013 /* MASViewAttribute.m in Sources */ = {isa = PBXBuildFile; fileRef = 561D01B71C47DA5600E4E013 /* MASViewAttribute.m */; };
		561D020D1C47DA5600E4E013 /* MASViewConstraint.m in Sources */ = {isa = PBXBuildFile; fileRef = 561D01B91C47DA5600E4E013 /* MASViewConstraint.m */; };
		561D020E1C47DA5600E4E013 /* NSArray+MASAdditions.m in Sources */ = {isa = PBXBuildFile; fileRef = 561D01BB1C47DA5600E4E013 /* NSArray+MASAdditions.m */; };
		561D020F1C47DA5600E4E013 /* NSLayoutConstraint+MASDebugAdditions.m in Sources */ = {isa = PBXBuildFile; fileRef = 561D01BE1C47DA5600E4E013 /* NSLayoutConstraint+MASDebugAdditions.m */; };
		561D02101C47DA5600E4E013 /* View+MASAdditions.m in Sources */ = {isa = PBXBuildFile; fileRef = 561D01C01C47DA5600E4E013 /* View+MASAdditions.m */; };
		561D02111C47DA5600E4E013 /* ViewController+MASAdditions.m in Sources */ = {isa = PBXBuildFile; fileRef = 561D01C31C47DA5600E4E013 /* ViewController+MASAdditions.m */; };
		561D02121C47DA5600E4E013 /* README.md in Sources */ = {isa = PBXBuildFile; fileRef = 561D01C41C47DA5600E4E013 /* README.md */; };
		561D02151C47DA5600E4E013 /* AppDelegate.m in Sources */ = {isa = PBXBuildFile; fileRef = 561D01CA1C47DA5600E4E013 /* AppDelegate.m */; };
		561D02161C47DA5600E4E013 /* 1.png in Resources */ = {isa = PBXBuildFile; fileRef = 561D01CC1C47DA5600E4E013 /* 1.png */; };
		561D02171C47DA5600E4E013 /* activityImage.png in Resources */ = {isa = PBXBuildFile; fileRef = 561D01CD1C47DA5600E4E013 /* activityImage.png */; };
		561D02181C47DA5600E4E013 /* Argentina.png in Resources */ = {isa = PBXBuildFile; fileRef = 561D01CE1C47DA5600E4E013 /* Argentina.png */; };
		561D02191C47DA5600E4E013 /* Chile.png in Resources */ = {isa = PBXBuildFile; fileRef = 561D01CF1C47DA5600E4E013 /* Chile.png */; };
		562CC4461C6C962100774C22 /* CZTimeSelectView.m in Sources */ = {isa = PBXBuildFile; fileRef = 562CC4451C6C962100774C22 /* CZTimeSelectView.m */; };
		56423F4B1C4FB4710072CCC3 /* CZHomeViewController.m in Sources */ = {isa = PBXBuildFile; fileRef = 56423F4A1C4FB4710072CCC3 /* CZHomeViewController.m */; };
		564596B51C732A84006D8493 /* LewPopupBackgroundView.m in Sources */ = {isa = PBXBuildFile; fileRef = 564596AA1C732A84006D8493 /* LewPopupBackgroundView.m */; };
		564596B61C732A84006D8493 /* LewPopupViewAnimationDrop.m in Sources */ = {isa = PBXBuildFile; fileRef = 564596AC1C732A84006D8493 /* LewPopupViewAnimationDrop.m */; };
		564596B71C732A84006D8493 /* LewPopupViewAnimationFade.m in Sources */ = {isa = PBXBuildFile; fileRef = 564596AE1C732A84006D8493 /* LewPopupViewAnimationFade.m */; };
		564596B81C732A84006D8493 /* LewPopupViewAnimationSlide.m in Sources */ = {isa = PBXBuildFile; fileRef = 564596B01C732A84006D8493 /* LewPopupViewAnimationSlide.m */; };
		564596B91C732A84006D8493 /* LewPopupViewAnimationSpring.m in Sources */ = {isa = PBXBuildFile; fileRef = 564596B21C732A84006D8493 /* LewPopupViewAnimationSpring.m */; };
		564596BA1C732A84006D8493 /* UIViewController+LewPopupViewController.m in Sources */ = {isa = PBXBuildFile; fileRef = 564596B41C732A84006D8493 /* UIViewController+LewPopupViewController.m */; };
		564EF46A1C662F81006DFACE /* CZUpdateScheduleViewController.m in Sources */ = {isa = PBXBuildFile; fileRef = 564EF4691C662F81006DFACE /* CZUpdateScheduleViewController.m */; };
		565BCFB41C51CE580031ABBD /* CZTagSelectViewController.m in Sources */ = {isa = PBXBuildFile; fileRef = 565BCFB31C51CE580031ABBD /* CZTagSelectViewController.m */; };
		565BCFB71C51E4E30031ABBD /* CZMyTagCell.m in Sources */ = {isa = PBXBuildFile; fileRef = 565BCFB61C51E4E30031ABBD /* CZMyTagCell.m */; };
		565BCFBA1C51E4FD0031ABBD /* CZTagCell.m in Sources */ = {isa = PBXBuildFile; fileRef = 565BCFB91C51E4FD0031ABBD /* CZTagCell.m */; };
		565CBFA61C6F098500635EA4 /* CZTagSelectView.m in Sources */ = {isa = PBXBuildFile; fileRef = 565CBFA51C6F098500635EA4 /* CZTagSelectView.m */; };
		565CBFA91C6F0ED500635EA4 /* CZTagWithLabelView.m in Sources */ = {isa = PBXBuildFile; fileRef = 565CBFA81C6F0ED500635EA4 /* CZTagWithLabelView.m */; };
		565EF5FD1C48EAA80067C032 /* CZActivityInfoHeaderView.m in Sources */ = {isa = PBXBuildFile; fileRef = 565EF5FA1C48EAA80067C032 /* CZActivityInfoHeaderView.m */; };
		565EF5FE1C48EAA80067C032 /* CZHomeHeaderView.m in Sources */ = {isa = PBXBuildFile; fileRef = 565EF5FC1C48EAA80067C032 /* CZHomeHeaderView.m */; };
		565EF60C1C48EB3B0067C032 /* CZColumnViewController.m in Sources */ = {isa = PBXBuildFile; fileRef = 565EF60A1C48EB3B0067C032 /* CZColumnViewController.m */; };
		565EF6111C48EB440067C032 /* CZScheduleViewController.m in Sources */ = {isa = PBXBuildFile; fileRef = 565EF60F1C48EB440067C032 /* CZScheduleViewController.m */; };
		565EF6221C48EBA20067C032 /* DataManager.m in Sources */ = {isa = PBXBuildFile; fileRef = 565EF6141C48EBA20067C032 /* DataManager.m */; };
		565EF6231C48EBA20067C032 /* NSNumber+Message.m in Sources */ = {isa = PBXBuildFile; fileRef = 565EF6161C48EBA20067C032 /* NSNumber+Message.m */; };
		565EF6241C48EBA20067C032 /* UserModel.m in Sources */ = {isa = PBXBuildFile; fileRef = 565EF6181C48EBA20067C032 /* UserModel.m */; };
		565EF6251C48EBA20067C032 /* Activity.m in Sources */ = {isa = PBXBuildFile; fileRef = 565EF61B1C48EBA20067C032 /* Activity.m */; };
		565EF6261C48EBA20067C032 /* ActivityModel.m in Sources */ = {isa = PBXBuildFile; fileRef = 565EF61D1C48EBA20067C032 /* ActivityModel.m */; };
		565EF6271C48EBA20067C032 /* BaseModel.m in Sources */ = {isa = PBXBuildFile; fileRef = 565EF61F1C48EBA20067C032 /* BaseModel.m */; };
		565EF6281C48EBA20067C032 /* CityModel.m in Sources */ = {isa = PBXBuildFile; fileRef = 565EF6211C48EBA20067C032 /* CityModel.m */; };
		565EF6571C48EC410067C032 /* CZMyInfoViewController.m in Sources */ = {isa = PBXBuildFile; fileRef = 565EF6331C48EC410067C032 /* CZMyInfoViewController.m */; };
		565EF66C1C48ED1E0067C032 /* CZTabbarController.m in Sources */ = {isa = PBXBuildFile; fileRef = 565EF66B1C48ED1E0067C032 /* CZTabbarController.m */; };
		56637D6A1C55C4D90000BF46 /* CZTagCell.xib in Resources */ = {isa = PBXBuildFile; fileRef = 56637D691C55C4D90000BF46 /* CZTagCell.xib */; };
		56637D721C560DA10000BF46 /* CZCityViewController.m in Sources */ = {isa = PBXBuildFile; fileRef = 56637D711C560DA10000BF46 /* CZCityViewController.m */; };
		56637D751C5611230000BF46 /* CZCityView.m in Sources */ = {isa = PBXBuildFile; fileRef = 56637D741C5611230000BF46 /* CZCityView.m */; };
		5674AF991C70B99100184A31 /* CZActivityCell.m in Sources */ = {isa = PBXBuildFile; fileRef = 5674AF981C70B99100184A31 /* CZActivityCell.m */; };
		56814C131C58963200CB60D6 /* CZTagViewController.m in Sources */ = {isa = PBXBuildFile; fileRef = 56814C121C58963200CB60D6 /* CZTagViewController.m */; };
		56814C161C58A64600CB60D6 /* CZRemindMeView.m in Sources */ = {isa = PBXBuildFile; fileRef = 56814C151C58A64600CB60D6 /* CZRemindMeView.m */; };
		5686763B1C65E9820099726A /* CZScheduleInfoViewController.m in Sources */ = {isa = PBXBuildFile; fileRef = 5686763A1C65E9820099726A /* CZScheduleInfoViewController.m */; };
		569E58DD1C6EC1B10060DCA6 /* CZMoreRemindTimeViewController.m in Sources */ = {isa = PBXBuildFile; fileRef = 569E58DC1C6EC1B10060DCA6 /* CZMoreRemindTimeViewController.m */; };
		569E58E01C6ECA840060DCA6 /* CZMoreTimeCell.m in Sources */ = {isa = PBXBuildFile; fileRef = 569E58DF1C6ECA840060DCA6 /* CZMoreTimeCell.m */; };
		569E58E31C6ECAA60060DCA6 /* CZRemindTimeCell.m in Sources */ = {isa = PBXBuildFile; fileRef = 569E58E21C6ECAA60060DCA6 /* CZRemindTimeCell.m */; };
		56A191E21C756A3100E03B41 /* CZMyInfoCell.m in Sources */ = {isa = PBXBuildFile; fileRef = 56A191E11C756A3100E03B41 /* CZMyInfoCell.m */; };
		56B83C191C608D0C005FF427 /* CZTimeCourseCell.m in Sources */ = {isa = PBXBuildFile; fileRef = 56B83C171C608D0C005FF427 /* CZTimeCourseCell.m */; };
		56B83C1D1C609C2D005FF427 /* CZData.m in Sources */ = {isa = PBXBuildFile; fileRef = 56B83C1C1C609C2D005FF427 /* CZData.m */; };
		56D7FB2C1C579511003247AF /* UINavigationBar+Awesome.m in Sources */ = {isa = PBXBuildFile; fileRef = 56D7FB2B1C579511003247AF /* UINavigationBar+Awesome.m */; };
		56DF01F01C4915CD00E80DFA /* CZNavigationViewController.m in Sources */ = {isa = PBXBuildFile; fileRef = 56DF01EF1C4915CD00E80DFA /* CZNavigationViewController.m */; };
		56DF02321C49356100E80DFA /* CZActivityInfoViewController.m in Sources */ = {isa = PBXBuildFile; fileRef = 56DF02311C49356100E80DFA /* CZActivityInfoViewController.m */; };
		56E2AAA81C59A964009371F7 /* CZRemindTimeButton.m in Sources */ = {isa = PBXBuildFile; fileRef = 56E2AAA71C59A964009371F7 /* CZRemindTimeButton.m */; };
		56E2AAAD1C59E229009371F7 /* CZSearchViewController.m in Sources */ = {isa = PBXBuildFile; fileRef = 56E2AAAC1C59E229009371F7 /* CZSearchViewController.m */; };
		56E470071C5735900056BE17 /* CZCityButton.m in Sources */ = {isa = PBXBuildFile; fileRef = 56E470061C5735900056BE17 /* CZCityButton.m */; };
		56E4700C1C5749450056BE17 /* CZActivityOfColumn.m in Sources */ = {isa = PBXBuildFile; fileRef = 56E4700B1C5749450056BE17 /* CZActivityOfColumn.m */; };
		56E470131C5750720056BE17 /* CZAcitivityModelOfColumn.m in Sources */ = {isa = PBXBuildFile; fileRef = 56E470121C5750720056BE17 /* CZAcitivityModelOfColumn.m */; };
		56E523551C75909A00794B0E /* CZPersonInfoViewController.m in Sources */ = {isa = PBXBuildFile; fileRef = 56E523541C75909A00794B0E /* CZPersonInfoViewController.m */; };
		56E523581C75922700794B0E /* CZPersonInfoCell.m in Sources */ = {isa = PBXBuildFile; fileRef = 56E523571C75922700794B0E /* CZPersonInfoCell.m */; };
		56E5235B1C759C1F00794B0E /* CZMyActivityViewContoller.m in Sources */ = {isa = PBXBuildFile; fileRef = 56E5235A1C759C1F00794B0E /* CZMyActivityViewContoller.m */; };
		56E5235E1C75A05100794B0E /* CZMyReleseViewController.m in Sources */ = {isa = PBXBuildFile; fileRef = 56E5235D1C75A05100794B0E /* CZMyReleseViewController.m */; };
		56E523611C75AAD200794B0E /* CZMyCollectionViewController.m in Sources */ = {isa = PBXBuildFile; fileRef = 56E523601C75AAD200794B0E /* CZMyCollectionViewController.m */; };
		56E523641C75AC1500794B0E /* CZAboutUsViewController.m in Sources */ = {isa = PBXBuildFile; fileRef = 56E523631C75AC1500794B0E /* CZAboutUsViewController.m */; };
		56E523671C75B1CE00794B0E /* CZFeedbackViewController.m in Sources */ = {isa = PBXBuildFile; fileRef = 56E523661C75B1CE00794B0E /* CZFeedbackViewController.m */; };
		56E5236A1C75BAAA00794B0E /* CZSettingViewController.m in Sources */ = {isa = PBXBuildFile; fileRef = 56E523691C75BAAA00794B0E /* CZSettingViewController.m */; };
		56E7AE741C706A77004593E6 /* CZAddScheduleViewController.m in Sources */ = {isa = PBXBuildFile; fileRef = 56E7AE731C706A77004593E6 /* CZAddScheduleViewController.m */; };
		56E7AE771C709C8C004593E6 /* CZButtonView.m in Sources */ = {isa = PBXBuildFile; fileRef = 56E7AE761C709C8C004593E6 /* CZButtonView.m */; };
		56E842781C4B88BC00D1D198 /* ActivityIntroduction.m in Sources */ = {isa = PBXBuildFile; fileRef = 56E842771C4B88BC00D1D198 /* ActivityIntroduction.m */; };
		56E8427B1C4BA74C00D1D198 /* CZTimeCell.m in Sources */ = {isa = PBXBuildFile; fileRef = 56E8427A1C4BA74C00D1D198 /* CZTimeCell.m */; };
		56E8427E1C4BB8E500D1D198 /* CZActivityInfoCell.m in Sources */ = {isa = PBXBuildFile; fileRef = 56E8427D1C4BB8E500D1D198 /* CZActivityInfoCell.m */; };
		56E842811C4BD21500D1D198 /* CZActivityDetailCell.m in Sources */ = {isa = PBXBuildFile; fileRef = 56E842801C4BD21500D1D198 /* CZActivityDetailCell.m */; };
/* End PBXBuildFile section */

/* Begin PBXContainerItemProxy section */
		561D01191C47D94C00E4E013 /* PBXContainerItemProxy */ = {
			isa = PBXContainerItemProxy;
			containerPortal = 561D00F71C47D94C00E4E013 /* Project object */;
			proxyType = 1;
			remoteGlobalIDString = 561D00FE1C47D94C00E4E013;
			remoteInfo = rc;
		};
		561D01241C47D94C00E4E013 /* PBXContainerItemProxy */ = {
			isa = PBXContainerItemProxy;
			containerPortal = 561D00F71C47D94C00E4E013 /* Project object */;
			proxyType = 1;
			remoteGlobalIDString = 561D00FE1C47D94C00E4E013;
			remoteInfo = rc;
		};
/* End PBXContainerItemProxy section */

/* Begin PBXFileReference section */
		561D00FF1C47D94C00E4E013 /* rc.app */ = {isa = PBXFileReference; explicitFileType = wrapper.application; includeInIndex = 0; path = rc.app; sourceTree = BUILT_PRODUCTS_DIR; };
		561D01031C47D94C00E4E013 /* main.m */ = {isa = PBXFileReference; lastKnownFileType = sourcecode.c.objc; path = main.m; sourceTree = "<group>"; };
		561D010C1C47D94C00E4E013 /* Base */ = {isa = PBXFileReference; lastKnownFileType = file.storyboard; name = Base; path = Base.lproj/Main.storyboard; sourceTree = "<group>"; };
		561D01111C47D94C00E4E013 /* Base */ = {isa = PBXFileReference; lastKnownFileType = file.storyboard; name = Base; path = Base.lproj/LaunchScreen.storyboard; sourceTree = "<group>"; };
		561D01131C47D94C00E4E013 /* Info.plist */ = {isa = PBXFileReference; lastKnownFileType = text.plist.xml; path = Info.plist; sourceTree = "<group>"; };
		561D01181C47D94C00E4E013 /* rcTests.xctest */ = {isa = PBXFileReference; explicitFileType = wrapper.cfbundle; includeInIndex = 0; path = rcTests.xctest; sourceTree = BUILT_PRODUCTS_DIR; };
		561D011C1C47D94C00E4E013 /* rcTests.m */ = {isa = PBXFileReference; lastKnownFileType = sourcecode.c.objc; path = rcTests.m; sourceTree = "<group>"; };
		561D011E1C47D94C00E4E013 /* Info.plist */ = {isa = PBXFileReference; lastKnownFileType = text.plist.xml; path = Info.plist; sourceTree = "<group>"; };
		561D01231C47D94C00E4E013 /* rcUITests.xctest */ = {isa = PBXFileReference; explicitFileType = wrapper.cfbundle; includeInIndex = 0; path = rcUITests.xctest; sourceTree = BUILT_PRODUCTS_DIR; };
		561D01271C47D94C00E4E013 /* rcUITests.m */ = {isa = PBXFileReference; lastKnownFileType = sourcecode.c.objc; path = rcUITests.m; sourceTree = "<group>"; };
		561D01291C47D94C00E4E013 /* Info.plist */ = {isa = PBXFileReference; lastKnownFileType = text.plist.xml; path = Info.plist; sourceTree = "<group>"; };
		561D01351C47DA5600E4E013 /* Assets.xcassets */ = {isa = PBXFileReference; lastKnownFileType = folder.assetcatalog; path = Assets.xcassets; sourceTree = "<group>"; };
		561D01841C47DA5600E4E013 /* AFHTTPSessionManager.h */ = {isa = PBXFileReference; fileEncoding = 4; lastKnownFileType = sourcecode.c.h; path = AFHTTPSessionManager.h; sourceTree = "<group>"; };
		561D01851C47DA5600E4E013 /* AFHTTPSessionManager.m */ = {isa = PBXFileReference; fileEncoding = 4; lastKnownFileType = sourcecode.c.objc; path = AFHTTPSessionManager.m; sourceTree = "<group>"; };
		561D01861C47DA5600E4E013 /* AFNetworking.h */ = {isa = PBXFileReference; fileEncoding = 4; lastKnownFileType = sourcecode.c.h; path = AFNetworking.h; sourceTree = "<group>"; };
		561D01871C47DA5600E4E013 /* AFNetworkReachabilityManager.h */ = {isa = PBXFileReference; fileEncoding = 4; lastKnownFileType = sourcecode.c.h; path = AFNetworkReachabilityManager.h; sourceTree = "<group>"; };
		561D01881C47DA5600E4E013 /* AFNetworkReachabilityManager.m */ = {isa = PBXFileReference; fileEncoding = 4; lastKnownFileType = sourcecode.c.objc; path = AFNetworkReachabilityManager.m; sourceTree = "<group>"; };
		561D01891C47DA5600E4E013 /* AFSecurityPolicy.h */ = {isa = PBXFileReference; fileEncoding = 4; lastKnownFileType = sourcecode.c.h; path = AFSecurityPolicy.h; sourceTree = "<group>"; };
		561D018A1C47DA5600E4E013 /* AFSecurityPolicy.m */ = {isa = PBXFileReference; fileEncoding = 4; lastKnownFileType = sourcecode.c.objc; path = AFSecurityPolicy.m; sourceTree = "<group>"; };
		561D018B1C47DA5600E4E013 /* AFURLRequestSerialization.h */ = {isa = PBXFileReference; fileEncoding = 4; lastKnownFileType = sourcecode.c.h; path = AFURLRequestSerialization.h; sourceTree = "<group>"; };
		561D018C1C47DA5600E4E013 /* AFURLRequestSerialization.m */ = {isa = PBXFileReference; fileEncoding = 4; lastKnownFileType = sourcecode.c.objc; path = AFURLRequestSerialization.m; sourceTree = "<group>"; };
		561D018D1C47DA5600E4E013 /* AFURLResponseSerialization.h */ = {isa = PBXFileReference; fileEncoding = 4; lastKnownFileType = sourcecode.c.h; path = AFURLResponseSerialization.h; sourceTree = "<group>"; };
		561D018E1C47DA5600E4E013 /* AFURLResponseSerialization.m */ = {isa = PBXFileReference; fileEncoding = 4; lastKnownFileType = sourcecode.c.objc; path = AFURLResponseSerialization.m; sourceTree = "<group>"; };
		561D018F1C47DA5600E4E013 /* AFURLSessionManager.h */ = {isa = PBXFileReference; fileEncoding = 4; lastKnownFileType = sourcecode.c.h; path = AFURLSessionManager.h; sourceTree = "<group>"; };
		561D01901C47DA5600E4E013 /* AFURLSessionManager.m */ = {isa = PBXFileReference; fileEncoding = 4; lastKnownFileType = sourcecode.c.objc; path = AFURLSessionManager.m; sourceTree = "<group>"; };
		561D01911C47DA5600E4E013 /* LICENSE */ = {isa = PBXFileReference; fileEncoding = 4; lastKnownFileType = text; path = LICENSE; sourceTree = "<group>"; };
		561D01921C47DA5600E4E013 /* README.md */ = {isa = PBXFileReference; fileEncoding = 4; lastKnownFileType = net.daringfireball.markdown; path = README.md; sourceTree = "<group>"; };
		561D01941C47DA5600E4E013 /* AFAutoPurgingImageCache.h */ = {isa = PBXFileReference; fileEncoding = 4; lastKnownFileType = sourcecode.c.h; path = AFAutoPurgingImageCache.h; sourceTree = "<group>"; };
		561D01951C47DA5600E4E013 /* AFAutoPurgingImageCache.m */ = {isa = PBXFileReference; fileEncoding = 4; lastKnownFileType = sourcecode.c.objc; path = AFAutoPurgingImageCache.m; sourceTree = "<group>"; };
		561D01961C47DA5600E4E013 /* AFImageDownloader.h */ = {isa = PBXFileReference; fileEncoding = 4; lastKnownFileType = sourcecode.c.h; path = AFImageDownloader.h; sourceTree = "<group>"; };
		561D01971C47DA5600E4E013 /* AFImageDownloader.m */ = {isa = PBXFileReference; fileEncoding = 4; lastKnownFileType = sourcecode.c.objc; path = AFImageDownloader.m; sourceTree = "<group>"; };
		561D01981C47DA5600E4E013 /* AFNetworkActivityIndicatorManager.h */ = {isa = PBXFileReference; fileEncoding = 4; lastKnownFileType = sourcecode.c.h; path = AFNetworkActivityIndicatorManager.h; sourceTree = "<group>"; };
		561D01991C47DA5600E4E013 /* AFNetworkActivityIndicatorManager.m */ = {isa = PBXFileReference; fileEncoding = 4; lastKnownFileType = sourcecode.c.objc; path = AFNetworkActivityIndicatorManager.m; sourceTree = "<group>"; };
		561D019A1C47DA5600E4E013 /* UIActivityIndicatorView+AFNetworking.h */ = {isa = PBXFileReference; fileEncoding = 4; lastKnownFileType = sourcecode.c.h; path = "UIActivityIndicatorView+AFNetworking.h"; sourceTree = "<group>"; };
		561D019B1C47DA5600E4E013 /* UIActivityIndicatorView+AFNetworking.m */ = {isa = PBXFileReference; fileEncoding = 4; lastKnownFileType = sourcecode.c.objc; path = "UIActivityIndicatorView+AFNetworking.m"; sourceTree = "<group>"; };
		561D019C1C47DA5600E4E013 /* UIButton+AFNetworking.h */ = {isa = PBXFileReference; fileEncoding = 4; lastKnownFileType = sourcecode.c.h; path = "UIButton+AFNetworking.h"; sourceTree = "<group>"; };
		561D019D1C47DA5600E4E013 /* UIButton+AFNetworking.m */ = {isa = PBXFileReference; fileEncoding = 4; lastKnownFileType = sourcecode.c.objc; path = "UIButton+AFNetworking.m"; sourceTree = "<group>"; };
		561D019E1C47DA5600E4E013 /* UIImage+AFNetworking.h */ = {isa = PBXFileReference; fileEncoding = 4; lastKnownFileType = sourcecode.c.h; path = "UIImage+AFNetworking.h"; sourceTree = "<group>"; };
		561D019F1C47DA5600E4E013 /* UIImageView+AFNetworking.h */ = {isa = PBXFileReference; fileEncoding = 4; lastKnownFileType = sourcecode.c.h; path = "UIImageView+AFNetworking.h"; sourceTree = "<group>"; };
		561D01A01C47DA5600E4E013 /* UIImageView+AFNetworking.m */ = {isa = PBXFileReference; fileEncoding = 4; lastKnownFileType = sourcecode.c.objc; path = "UIImageView+AFNetworking.m"; sourceTree = "<group>"; };
		561D01A11C47DA5600E4E013 /* UIKit+AFNetworking.h */ = {isa = PBXFileReference; fileEncoding = 4; lastKnownFileType = sourcecode.c.h; path = "UIKit+AFNetworking.h"; sourceTree = "<group>"; };
		561D01A21C47DA5600E4E013 /* UIProgressView+AFNetworking.h */ = {isa = PBXFileReference; fileEncoding = 4; lastKnownFileType = sourcecode.c.h; path = "UIProgressView+AFNetworking.h"; sourceTree = "<group>"; };
		561D01A31C47DA5600E4E013 /* UIProgressView+AFNetworking.m */ = {isa = PBXFileReference; fileEncoding = 4; lastKnownFileType = sourcecode.c.objc; path = "UIProgressView+AFNetworking.m"; sourceTree = "<group>"; };
		561D01A41C47DA5600E4E013 /* UIRefreshControl+AFNetworking.h */ = {isa = PBXFileReference; fileEncoding = 4; lastKnownFileType = sourcecode.c.h; path = "UIRefreshControl+AFNetworking.h"; sourceTree = "<group>"; };
		561D01A51C47DA5600E4E013 /* UIRefreshControl+AFNetworking.m */ = {isa = PBXFileReference; fileEncoding = 4; lastKnownFileType = sourcecode.c.objc; path = "UIRefreshControl+AFNetworking.m"; sourceTree = "<group>"; };
		561D01A61C47DA5600E4E013 /* UIWebView+AFNetworking.h */ = {isa = PBXFileReference; fileEncoding = 4; lastKnownFileType = sourcecode.c.h; path = "UIWebView+AFNetworking.h"; sourceTree = "<group>"; };
		561D01A71C47DA5600E4E013 /* UIWebView+AFNetworking.m */ = {isa = PBXFileReference; fileEncoding = 4; lastKnownFileType = sourcecode.c.objc; path = "UIWebView+AFNetworking.m"; sourceTree = "<group>"; };
		561D01A91C47DA5600E4E013 /* LICENSE */ = {isa = PBXFileReference; fileEncoding = 4; lastKnownFileType = text; path = LICENSE; sourceTree = "<group>"; };
		561D01AB1C47DA5600E4E013 /* MASCompositeConstraint.h */ = {isa = PBXFileReference; fileEncoding = 4; lastKnownFileType = sourcecode.c.h; path = MASCompositeConstraint.h; sourceTree = "<group>"; };
		561D01AC1C47DA5600E4E013 /* MASCompositeConstraint.m */ = {isa = PBXFileReference; fileEncoding = 4; lastKnownFileType = sourcecode.c.objc; path = MASCompositeConstraint.m; sourceTree = "<group>"; };
		561D01AD1C47DA5600E4E013 /* MASConstraint+Private.h */ = {isa = PBXFileReference; fileEncoding = 4; lastKnownFileType = sourcecode.c.h; path = "MASConstraint+Private.h"; sourceTree = "<group>"; };
		561D01AE1C47DA5600E4E013 /* MASConstraint.h */ = {isa = PBXFileReference; fileEncoding = 4; lastKnownFileType = sourcecode.c.h; path = MASConstraint.h; sourceTree = "<group>"; };
		561D01AF1C47DA5600E4E013 /* MASConstraint.m */ = {isa = PBXFileReference; fileEncoding = 4; lastKnownFileType = sourcecode.c.objc; path = MASConstraint.m; sourceTree = "<group>"; };
		561D01B01C47DA5600E4E013 /* MASConstraintMaker.h */ = {isa = PBXFileReference; fileEncoding = 4; lastKnownFileType = sourcecode.c.h; path = MASConstraintMaker.h; sourceTree = "<group>"; };
		561D01B11C47DA5600E4E013 /* MASConstraintMaker.m */ = {isa = PBXFileReference; fileEncoding = 4; lastKnownFileType = sourcecode.c.objc; path = MASConstraintMaker.m; sourceTree = "<group>"; };
		561D01B21C47DA5600E4E013 /* MASLayoutConstraint.h */ = {isa = PBXFileReference; fileEncoding = 4; lastKnownFileType = sourcecode.c.h; path = MASLayoutConstraint.h; sourceTree = "<group>"; };
		561D01B31C47DA5600E4E013 /* MASLayoutConstraint.m */ = {isa = PBXFileReference; fileEncoding = 4; lastKnownFileType = sourcecode.c.objc; path = MASLayoutConstraint.m; sourceTree = "<group>"; };
		561D01B41C47DA5600E4E013 /* Masonry.h */ = {isa = PBXFileReference; fileEncoding = 4; lastKnownFileType = sourcecode.c.h; path = Masonry.h; sourceTree = "<group>"; };
		561D01B51C47DA5600E4E013 /* MASUtilities.h */ = {isa = PBXFileReference; fileEncoding = 4; lastKnownFileType = sourcecode.c.h; path = MASUtilities.h; sourceTree = "<group>"; };
		561D01B61C47DA5600E4E013 /* MASViewAttribute.h */ = {isa = PBXFileReference; fileEncoding = 4; lastKnownFileType = sourcecode.c.h; path = MASViewAttribute.h; sourceTree = "<group>"; };
		561D01B71C47DA5600E4E013 /* MASViewAttribute.m */ = {isa = PBXFileReference; fileEncoding = 4; lastKnownFileType = sourcecode.c.objc; path = MASViewAttribute.m; sourceTree = "<group>"; };
		561D01B81C47DA5600E4E013 /* MASViewConstraint.h */ = {isa = PBXFileReference; fileEncoding = 4; lastKnownFileType = sourcecode.c.h; path = MASViewConstraint.h; sourceTree = "<group>"; };
		561D01B91C47DA5600E4E013 /* MASViewConstraint.m */ = {isa = PBXFileReference; fileEncoding = 4; lastKnownFileType = sourcecode.c.objc; path = MASViewConstraint.m; sourceTree = "<group>"; };
		561D01BA1C47DA5600E4E013 /* NSArray+MASAdditions.h */ = {isa = PBXFileReference; fileEncoding = 4; lastKnownFileType = sourcecode.c.h; path = "NSArray+MASAdditions.h"; sourceTree = "<group>"; };
		561D01BB1C47DA5600E4E013 /* NSArray+MASAdditions.m */ = {isa = PBXFileReference; fileEncoding = 4; lastKnownFileType = sourcecode.c.objc; path = "NSArray+MASAdditions.m"; sourceTree = "<group>"; };
		561D01BC1C47DA5600E4E013 /* NSArray+MASShorthandAdditions.h */ = {isa = PBXFileReference; fileEncoding = 4; lastKnownFileType = sourcecode.c.h; path = "NSArray+MASShorthandAdditions.h"; sourceTree = "<group>"; };
		561D01BD1C47DA5600E4E013 /* NSLayoutConstraint+MASDebugAdditions.h */ = {isa = PBXFileReference; fileEncoding = 4; lastKnownFileType = sourcecode.c.h; path = "NSLayoutConstraint+MASDebugAdditions.h"; sourceTree = "<group>"; };
		561D01BE1C47DA5600E4E013 /* NSLayoutConstraint+MASDebugAdditions.m */ = {isa = PBXFileReference; fileEncoding = 4; lastKnownFileType = sourcecode.c.objc; path = "NSLayoutConstraint+MASDebugAdditions.m"; sourceTree = "<group>"; };
		561D01BF1C47DA5600E4E013 /* View+MASAdditions.h */ = {isa = PBXFileReference; fileEncoding = 4; lastKnownFileType = sourcecode.c.h; path = "View+MASAdditions.h"; sourceTree = "<group>"; };
		561D01C01C47DA5600E4E013 /* View+MASAdditions.m */ = {isa = PBXFileReference; fileEncoding = 4; lastKnownFileType = sourcecode.c.objc; path = "View+MASAdditions.m"; sourceTree = "<group>"; };
		561D01C11C47DA5600E4E013 /* View+MASShorthandAdditions.h */ = {isa = PBXFileReference; fileEncoding = 4; lastKnownFileType = sourcecode.c.h; path = "View+MASShorthandAdditions.h"; sourceTree = "<group>"; };
		561D01C21C47DA5600E4E013 /* ViewController+MASAdditions.h */ = {isa = PBXFileReference; fileEncoding = 4; lastKnownFileType = sourcecode.c.h; path = "ViewController+MASAdditions.h"; sourceTree = "<group>"; };
		561D01C31C47DA5600E4E013 /* ViewController+MASAdditions.m */ = {isa = PBXFileReference; fileEncoding = 4; lastKnownFileType = sourcecode.c.objc; path = "ViewController+MASAdditions.m"; sourceTree = "<group>"; };
		561D01C41C47DA5600E4E013 /* README.md */ = {isa = PBXFileReference; fileEncoding = 4; lastKnownFileType = net.daringfireball.markdown; path = README.md; sourceTree = "<group>"; };
		561D01C91C47DA5600E4E013 /* AppDelegate.h */ = {isa = PBXFileReference; fileEncoding = 4; lastKnownFileType = sourcecode.c.h; path = AppDelegate.h; sourceTree = "<group>"; };
		561D01CA1C47DA5600E4E013 /* AppDelegate.m */ = {isa = PBXFileReference; fileEncoding = 4; lastKnownFileType = sourcecode.c.objc; path = AppDelegate.m; sourceTree = "<group>"; };
		561D01CC1C47DA5600E4E013 /* 1.png */ = {isa = PBXFileReference; lastKnownFileType = image.png; path = 1.png; sourceTree = "<group>"; };
		561D01CD1C47DA5600E4E013 /* activityImage.png */ = {isa = PBXFileReference; lastKnownFileType = image.png; path = activityImage.png; sourceTree = "<group>"; };
		561D01CE1C47DA5600E4E013 /* Argentina.png */ = {isa = PBXFileReference; lastKnownFileType = image.png; path = Argentina.png; sourceTree = "<group>"; };
		561D01CF1C47DA5600E4E013 /* Chile.png */ = {isa = PBXFileReference; lastKnownFileType = image.png; path = Chile.png; sourceTree = "<group>"; };
		562CC4441C6C962100774C22 /* CZTimeSelectView.h */ = {isa = PBXFileReference; fileEncoding = 4; lastKnownFileType = sourcecode.c.h; path = CZTimeSelectView.h; sourceTree = "<group>"; };
		562CC4451C6C962100774C22 /* CZTimeSelectView.m */ = {isa = PBXFileReference; fileEncoding = 4; lastKnownFileType = sourcecode.c.objc; path = CZTimeSelectView.m; sourceTree = "<group>"; };
		56423F491C4FB4710072CCC3 /* CZHomeViewController.h */ = {isa = PBXFileReference; fileEncoding = 4; lastKnownFileType = sourcecode.c.h; path = CZHomeViewController.h; sourceTree = "<group>"; };
		56423F4A1C4FB4710072CCC3 /* CZHomeViewController.m */ = {isa = PBXFileReference; fileEncoding = 4; lastKnownFileType = sourcecode.c.objc; path = CZHomeViewController.m; sourceTree = "<group>"; };
		564596A91C732A84006D8493 /* LewPopupBackgroundView.h */ = {isa = PBXFileReference; fileEncoding = 4; lastKnownFileType = sourcecode.c.h; path = LewPopupBackgroundView.h; sourceTree = "<group>"; };
		564596AA1C732A84006D8493 /* LewPopupBackgroundView.m */ = {isa = PBXFileReference; fileEncoding = 4; lastKnownFileType = sourcecode.c.objc; path = LewPopupBackgroundView.m; sourceTree = "<group>"; };
		564596AB1C732A84006D8493 /* LewPopupViewAnimationDrop.h */ = {isa = PBXFileReference; fileEncoding = 4; lastKnownFileType = sourcecode.c.h; path = LewPopupViewAnimationDrop.h; sourceTree = "<group>"; };
		564596AC1C732A84006D8493 /* LewPopupViewAnimationDrop.m */ = {isa = PBXFileReference; fileEncoding = 4; lastKnownFileType = sourcecode.c.objc; path = LewPopupViewAnimationDrop.m; sourceTree = "<group>"; };
		564596AD1C732A84006D8493 /* LewPopupViewAnimationFade.h */ = {isa = PBXFileReference; fileEncoding = 4; lastKnownFileType = sourcecode.c.h; path = LewPopupViewAnimationFade.h; sourceTree = "<group>"; };
		564596AE1C732A84006D8493 /* LewPopupViewAnimationFade.m */ = {isa = PBXFileReference; fileEncoding = 4; lastKnownFileType = sourcecode.c.objc; path = LewPopupViewAnimationFade.m; sourceTree = "<group>"; };
		564596AF1C732A84006D8493 /* LewPopupViewAnimationSlide.h */ = {isa = PBXFileReference; fileEncoding = 4; lastKnownFileType = sourcecode.c.h; path = LewPopupViewAnimationSlide.h; sourceTree = "<group>"; };
		564596B01C732A84006D8493 /* LewPopupViewAnimationSlide.m */ = {isa = PBXFileReference; fileEncoding = 4; lastKnownFileType = sourcecode.c.objc; path = LewPopupViewAnimationSlide.m; sourceTree = "<group>"; };
		564596B11C732A84006D8493 /* LewPopupViewAnimationSpring.h */ = {isa = PBXFileReference; fileEncoding = 4; lastKnownFileType = sourcecode.c.h; path = LewPopupViewAnimationSpring.h; sourceTree = "<group>"; };
		564596B21C732A84006D8493 /* LewPopupViewAnimationSpring.m */ = {isa = PBXFileReference; fileEncoding = 4; lastKnownFileType = sourcecode.c.objc; path = LewPopupViewAnimationSpring.m; sourceTree = "<group>"; };
		564596B31C732A84006D8493 /* UIViewController+LewPopupViewController.h */ = {isa = PBXFileReference; fileEncoding = 4; lastKnownFileType = sourcecode.c.h; path = "UIViewController+LewPopupViewController.h"; sourceTree = "<group>"; };
		564596B41C732A84006D8493 /* UIViewController+LewPopupViewController.m */ = {isa = PBXFileReference; fileEncoding = 4; lastKnownFileType = sourcecode.c.objc; path = "UIViewController+LewPopupViewController.m"; sourceTree = "<group>"; };
		564EF4681C662F81006DFACE /* CZUpdateScheduleViewController.h */ = {isa = PBXFileReference; fileEncoding = 4; lastKnownFileType = sourcecode.c.h; path = CZUpdateScheduleViewController.h; sourceTree = "<group>"; };
		564EF4691C662F81006DFACE /* CZUpdateScheduleViewController.m */ = {isa = PBXFileReference; fileEncoding = 4; lastKnownFileType = sourcecode.c.objc; path = CZUpdateScheduleViewController.m; sourceTree = "<group>"; };
		565BCFB21C51CE570031ABBD /* CZTagSelectViewController.h */ = {isa = PBXFileReference; fileEncoding = 4; lastKnownFileType = sourcecode.c.h; path = CZTagSelectViewController.h; sourceTree = "<group>"; };
		565BCFB31C51CE580031ABBD /* CZTagSelectViewController.m */ = {isa = PBXFileReference; fileEncoding = 4; lastKnownFileType = sourcecode.c.objc; path = CZTagSelectViewController.m; sourceTree = "<group>"; };
		565BCFB51C51E4E30031ABBD /* CZMyTagCell.h */ = {isa = PBXFileReference; fileEncoding = 4; lastKnownFileType = sourcecode.c.h; path = CZMyTagCell.h; sourceTree = "<group>"; };
		565BCFB61C51E4E30031ABBD /* CZMyTagCell.m */ = {isa = PBXFileReference; fileEncoding = 4; lastKnownFileType = sourcecode.c.objc; path = CZMyTagCell.m; sourceTree = "<group>"; };
		565BCFB81C51E4FD0031ABBD /* CZTagCell.h */ = {isa = PBXFileReference; fileEncoding = 4; lastKnownFileType = sourcecode.c.h; path = CZTagCell.h; sourceTree = "<group>"; };
		565BCFB91C51E4FD0031ABBD /* CZTagCell.m */ = {isa = PBXFileReference; fileEncoding = 4; lastKnownFileType = sourcecode.c.objc; path = CZTagCell.m; sourceTree = "<group>"; };
		565CBFA41C6F098500635EA4 /* CZTagSelectView.h */ = {isa = PBXFileReference; fileEncoding = 4; lastKnownFileType = sourcecode.c.h; path = CZTagSelectView.h; sourceTree = "<group>"; };
		565CBFA51C6F098500635EA4 /* CZTagSelectView.m */ = {isa = PBXFileReference; fileEncoding = 4; lastKnownFileType = sourcecode.c.objc; path = CZTagSelectView.m; sourceTree = "<group>"; };
		565CBFA71C6F0ED500635EA4 /* CZTagWithLabelView.h */ = {isa = PBXFileReference; fileEncoding = 4; lastKnownFileType = sourcecode.c.h; path = CZTagWithLabelView.h; sourceTree = "<group>"; };
		565CBFA81C6F0ED500635EA4 /* CZTagWithLabelView.m */ = {isa = PBXFileReference; fileEncoding = 4; lastKnownFileType = sourcecode.c.objc; path = CZTagWithLabelView.m; sourceTree = "<group>"; };
		565EF5F91C48EAA80067C032 /* CZActivityInfoHeaderView.h */ = {isa = PBXFileReference; fileEncoding = 4; lastKnownFileType = sourcecode.c.h; path = CZActivityInfoHeaderView.h; sourceTree = "<group>"; };
		565EF5FA1C48EAA80067C032 /* CZActivityInfoHeaderView.m */ = {isa = PBXFileReference; fileEncoding = 4; lastKnownFileType = sourcecode.c.objc; path = CZActivityInfoHeaderView.m; sourceTree = "<group>"; };
		565EF5FB1C48EAA80067C032 /* CZHomeHeaderView.h */ = {isa = PBXFileReference; fileEncoding = 4; lastKnownFileType = sourcecode.c.h; path = CZHomeHeaderView.h; sourceTree = "<group>"; };
		565EF5FC1C48EAA80067C032 /* CZHomeHeaderView.m */ = {isa = PBXFileReference; fileEncoding = 4; lastKnownFileType = sourcecode.c.objc; path = CZHomeHeaderView.m; sourceTree = "<group>"; };
		565EF6091C48EB3B0067C032 /* CZColumnViewController.h */ = {isa = PBXFileReference; fileEncoding = 4; lastKnownFileType = sourcecode.c.h; path = CZColumnViewController.h; sourceTree = "<group>"; };
		565EF60A1C48EB3B0067C032 /* CZColumnViewController.m */ = {isa = PBXFileReference; fileEncoding = 4; lastKnownFileType = sourcecode.c.objc; path = CZColumnViewController.m; sourceTree = "<group>"; };
		565EF60E1C48EB440067C032 /* CZScheduleViewController.h */ = {isa = PBXFileReference; fileEncoding = 4; lastKnownFileType = sourcecode.c.h; path = CZScheduleViewController.h; sourceTree = "<group>"; };
		565EF60F1C48EB440067C032 /* CZScheduleViewController.m */ = {isa = PBXFileReference; fileEncoding = 4; lastKnownFileType = sourcecode.c.objc; path = CZScheduleViewController.m; sourceTree = "<group>"; };
		565EF6131C48EBA20067C032 /* DataManager.h */ = {isa = PBXFileReference; fileEncoding = 4; lastKnownFileType = sourcecode.c.h; path = DataManager.h; sourceTree = "<group>"; };
		565EF6141C48EBA20067C032 /* DataManager.m */ = {isa = PBXFileReference; fileEncoding = 4; lastKnownFileType = sourcecode.c.objc; path = DataManager.m; sourceTree = "<group>"; };
		565EF6151C48EBA20067C032 /* NSNumber+Message.h */ = {isa = PBXFileReference; fileEncoding = 4; lastKnownFileType = sourcecode.c.h; path = "NSNumber+Message.h"; sourceTree = "<group>"; };
		565EF6161C48EBA20067C032 /* NSNumber+Message.m */ = {isa = PBXFileReference; fileEncoding = 4; lastKnownFileType = sourcecode.c.objc; path = "NSNumber+Message.m"; sourceTree = "<group>"; };
		565EF6171C48EBA20067C032 /* UserModel.h */ = {isa = PBXFileReference; fileEncoding = 4; lastKnownFileType = sourcecode.c.h; path = UserModel.h; sourceTree = "<group>"; };
		565EF6181C48EBA20067C032 /* UserModel.m */ = {isa = PBXFileReference; fileEncoding = 4; lastKnownFileType = sourcecode.c.objc; path = UserModel.m; sourceTree = "<group>"; };
		565EF61A1C48EBA20067C032 /* Activity.h */ = {isa = PBXFileReference; fileEncoding = 4; lastKnownFileType = sourcecode.c.h; path = Activity.h; sourceTree = "<group>"; };
		565EF61B1C48EBA20067C032 /* Activity.m */ = {isa = PBXFileReference; fileEncoding = 4; lastKnownFileType = sourcecode.c.objc; path = Activity.m; sourceTree = "<group>"; };
		565EF61C1C48EBA20067C032 /* ActivityModel.h */ = {isa = PBXFileReference; fileEncoding = 4; lastKnownFileType = sourcecode.c.h; path = ActivityModel.h; sourceTree = "<group>"; };
		565EF61D1C48EBA20067C032 /* ActivityModel.m */ = {isa = PBXFileReference; fileEncoding = 4; lastKnownFileType = sourcecode.c.objc; path = ActivityModel.m; sourceTree = "<group>"; };
		565EF61E1C48EBA20067C032 /* BaseModel.h */ = {isa = PBXFileReference; fileEncoding = 4; lastKnownFileType = sourcecode.c.h; path = BaseModel.h; sourceTree = "<group>"; };
		565EF61F1C48EBA20067C032 /* BaseModel.m */ = {isa = PBXFileReference; fileEncoding = 4; lastKnownFileType = sourcecode.c.objc; path = BaseModel.m; sourceTree = "<group>"; };
		565EF6201C48EBA20067C032 /* CityModel.h */ = {isa = PBXFileReference; fileEncoding = 4; lastKnownFileType = sourcecode.c.h; path = CityModel.h; sourceTree = "<group>"; };
		565EF6211C48EBA20067C032 /* CityModel.m */ = {isa = PBXFileReference; fileEncoding = 4; lastKnownFileType = sourcecode.c.objc; path = CityModel.m; sourceTree = "<group>"; };
		565EF6321C48EC410067C032 /* CZMyInfoViewController.h */ = {isa = PBXFileReference; fileEncoding = 4; lastKnownFileType = sourcecode.c.h; path = CZMyInfoViewController.h; sourceTree = "<group>"; };
		565EF6331C48EC410067C032 /* CZMyInfoViewController.m */ = {isa = PBXFileReference; fileEncoding = 4; lastKnownFileType = sourcecode.c.objc; path = CZMyInfoViewController.m; sourceTree = "<group>"; };
		565EF66A1C48ED1E0067C032 /* CZTabbarController.h */ = {isa = PBXFileReference; fileEncoding = 4; lastKnownFileType = sourcecode.c.h; path = CZTabbarController.h; sourceTree = "<group>"; };
		565EF66B1C48ED1E0067C032 /* CZTabbarController.m */ = {isa = PBXFileReference; fileEncoding = 4; lastKnownFileType = sourcecode.c.objc; path = CZTabbarController.m; sourceTree = "<group>"; };
		56637D691C55C4D90000BF46 /* CZTagCell.xib */ = {isa = PBXFileReference; fileEncoding = 4; lastKnownFileType = file.xib; path = CZTagCell.xib; sourceTree = "<group>"; };
		56637D701C560DA10000BF46 /* CZCityViewController.h */ = {isa = PBXFileReference; fileEncoding = 4; lastKnownFileType = sourcecode.c.h; path = CZCityViewController.h; sourceTree = "<group>"; };
		56637D711C560DA10000BF46 /* CZCityViewController.m */ = {isa = PBXFileReference; fileEncoding = 4; lastKnownFileType = sourcecode.c.objc; path = CZCityViewController.m; sourceTree = "<group>"; };
		56637D731C5611230000BF46 /* CZCityView.h */ = {isa = PBXFileReference; fileEncoding = 4; lastKnownFileType = sourcecode.c.h; path = CZCityView.h; sourceTree = "<group>"; };
		56637D741C5611230000BF46 /* CZCityView.m */ = {isa = PBXFileReference; fileEncoding = 4; lastKnownFileType = sourcecode.c.objc; path = CZCityView.m; sourceTree = "<group>"; };
		5674AF971C70B99100184A31 /* CZActivityCell.h */ = {isa = PBXFileReference; fileEncoding = 4; lastKnownFileType = sourcecode.c.h; path = CZActivityCell.h; sourceTree = "<group>"; };
		5674AF981C70B99100184A31 /* CZActivityCell.m */ = {isa = PBXFileReference; fileEncoding = 4; lastKnownFileType = sourcecode.c.objc; path = CZActivityCell.m; sourceTree = "<group>"; };
		56814C111C58963200CB60D6 /* CZTagViewController.h */ = {isa = PBXFileReference; fileEncoding = 4; lastKnownFileType = sourcecode.c.h; path = CZTagViewController.h; sourceTree = "<group>"; };
		56814C121C58963200CB60D6 /* CZTagViewController.m */ = {isa = PBXFileReference; fileEncoding = 4; lastKnownFileType = sourcecode.c.objc; path = CZTagViewController.m; sourceTree = "<group>"; };
		56814C141C58A64600CB60D6 /* CZRemindMeView.h */ = {isa = PBXFileReference; fileEncoding = 4; lastKnownFileType = sourcecode.c.h; path = CZRemindMeView.h; sourceTree = "<group>"; };
		56814C151C58A64600CB60D6 /* CZRemindMeView.m */ = {isa = PBXFileReference; fileEncoding = 4; lastKnownFileType = sourcecode.c.objc; path = CZRemindMeView.m; sourceTree = "<group>"; };
		568676391C65E9820099726A /* CZScheduleInfoViewController.h */ = {isa = PBXFileReference; fileEncoding = 4; lastKnownFileType = sourcecode.c.h; path = CZScheduleInfoViewController.h; sourceTree = "<group>"; };
		5686763A1C65E9820099726A /* CZScheduleInfoViewController.m */ = {isa = PBXFileReference; fileEncoding = 4; lastKnownFileType = sourcecode.c.objc; path = CZScheduleInfoViewController.m; sourceTree = "<group>"; };
		569E58DB1C6EC1B10060DCA6 /* CZMoreRemindTimeViewController.h */ = {isa = PBXFileReference; fileEncoding = 4; lastKnownFileType = sourcecode.c.h; path = CZMoreRemindTimeViewController.h; sourceTree = "<group>"; };
		569E58DC1C6EC1B10060DCA6 /* CZMoreRemindTimeViewController.m */ = {isa = PBXFileReference; fileEncoding = 4; lastKnownFileType = sourcecode.c.objc; path = CZMoreRemindTimeViewController.m; sourceTree = "<group>"; };
		569E58DE1C6ECA840060DCA6 /* CZMoreTimeCell.h */ = {isa = PBXFileReference; fileEncoding = 4; lastKnownFileType = sourcecode.c.h; path = CZMoreTimeCell.h; sourceTree = "<group>"; };
		569E58DF1C6ECA840060DCA6 /* CZMoreTimeCell.m */ = {isa = PBXFileReference; fileEncoding = 4; lastKnownFileType = sourcecode.c.objc; path = CZMoreTimeCell.m; sourceTree = "<group>"; };
		569E58E11C6ECAA60060DCA6 /* CZRemindTimeCell.h */ = {isa = PBXFileReference; fileEncoding = 4; lastKnownFileType = sourcecode.c.h; path = CZRemindTimeCell.h; sourceTree = "<group>"; };
		569E58E21C6ECAA60060DCA6 /* CZRemindTimeCell.m */ = {isa = PBXFileReference; fileEncoding = 4; lastKnownFileType = sourcecode.c.objc; path = CZRemindTimeCell.m; sourceTree = "<group>"; };
		56A191E01C756A3100E03B41 /* CZMyInfoCell.h */ = {isa = PBXFileReference; fileEncoding = 4; lastKnownFileType = sourcecode.c.h; path = CZMyInfoCell.h; sourceTree = "<group>"; };
		56A191E11C756A3100E03B41 /* CZMyInfoCell.m */ = {isa = PBXFileReference; fileEncoding = 4; lastKnownFileType = sourcecode.c.objc; path = CZMyInfoCell.m; sourceTree = "<group>"; };
		56B83C161C608D0C005FF427 /* CZTimeCourseCell.h */ = {isa = PBXFileReference; fileEncoding = 4; lastKnownFileType = sourcecode.c.h; path = CZTimeCourseCell.h; sourceTree = "<group>"; };
		56B83C171C608D0C005FF427 /* CZTimeCourseCell.m */ = {isa = PBXFileReference; fileEncoding = 4; lastKnownFileType = sourcecode.c.objc; path = CZTimeCourseCell.m; sourceTree = "<group>"; };
		56B83C1B1C609C2D005FF427 /* CZData.h */ = {isa = PBXFileReference; fileEncoding = 4; lastKnownFileType = sourcecode.c.h; path = CZData.h; sourceTree = "<group>"; };
		56B83C1C1C609C2D005FF427 /* CZData.m */ = {isa = PBXFileReference; fileEncoding = 4; lastKnownFileType = sourcecode.c.objc; path = CZData.m; sourceTree = "<group>"; };
		56D7FB2A1C579511003247AF /* UINavigationBar+Awesome.h */ = {isa = PBXFileReference; fileEncoding = 4; lastKnownFileType = sourcecode.c.h; path = "UINavigationBar+Awesome.h"; sourceTree = "<group>"; };
		56D7FB2B1C579511003247AF /* UINavigationBar+Awesome.m */ = {isa = PBXFileReference; fileEncoding = 4; lastKnownFileType = sourcecode.c.objc; path = "UINavigationBar+Awesome.m"; sourceTree = "<group>"; };
		56DF01EE1C4915CD00E80DFA /* CZNavigationViewController.h */ = {isa = PBXFileReference; fileEncoding = 4; lastKnownFileType = sourcecode.c.h; path = CZNavigationViewController.h; sourceTree = "<group>"; };
		56DF01EF1C4915CD00E80DFA /* CZNavigationViewController.m */ = {isa = PBXFileReference; fileEncoding = 4; lastKnownFileType = sourcecode.c.objc; path = CZNavigationViewController.m; sourceTree = "<group>"; };
		56DF02301C49356100E80DFA /* CZActivityInfoViewController.h */ = {isa = PBXFileReference; fileEncoding = 4; lastKnownFileType = sourcecode.c.h; path = CZActivityInfoViewController.h; sourceTree = "<group>"; };
		56DF02311C49356100E80DFA /* CZActivityInfoViewController.m */ = {isa = PBXFileReference; fileEncoding = 4; lastKnownFileType = sourcecode.c.objc; path = CZActivityInfoViewController.m; sourceTree = "<group>"; };
		56E2AAA61C59A964009371F7 /* CZRemindTimeButton.h */ = {isa = PBXFileReference; fileEncoding = 4; lastKnownFileType = sourcecode.c.h; path = CZRemindTimeButton.h; sourceTree = "<group>"; };
		56E2AAA71C59A964009371F7 /* CZRemindTimeButton.m */ = {isa = PBXFileReference; fileEncoding = 4; lastKnownFileType = sourcecode.c.objc; path = CZRemindTimeButton.m; sourceTree = "<group>"; };
		56E2AAAB1C59E229009371F7 /* CZSearchViewController.h */ = {isa = PBXFileReference; fileEncoding = 4; lastKnownFileType = sourcecode.c.h; path = CZSearchViewController.h; sourceTree = "<group>"; };
		56E2AAAC1C59E229009371F7 /* CZSearchViewController.m */ = {isa = PBXFileReference; fileEncoding = 4; lastKnownFileType = sourcecode.c.objc; path = CZSearchViewController.m; sourceTree = "<group>"; };
		56E470051C5735900056BE17 /* CZCityButton.h */ = {isa = PBXFileReference; fileEncoding = 4; lastKnownFileType = sourcecode.c.h; path = CZCityButton.h; sourceTree = "<group>"; };
		56E470061C5735900056BE17 /* CZCityButton.m */ = {isa = PBXFileReference; fileEncoding = 4; lastKnownFileType = sourcecode.c.objc; path = CZCityButton.m; sourceTree = "<group>"; };
		56E4700A1C5749450056BE17 /* CZActivityOfColumn.h */ = {isa = PBXFileReference; fileEncoding = 4; lastKnownFileType = sourcecode.c.h; path = CZActivityOfColumn.h; sourceTree = "<group>"; };
		56E4700B1C5749450056BE17 /* CZActivityOfColumn.m */ = {isa = PBXFileReference; fileEncoding = 4; lastKnownFileType = sourcecode.c.objc; path = CZActivityOfColumn.m; sourceTree = "<group>"; };
		56E470111C5750720056BE17 /* CZAcitivityModelOfColumn.h */ = {isa = PBXFileReference; fileEncoding = 4; lastKnownFileType = sourcecode.c.h; path = CZAcitivityModelOfColumn.h; sourceTree = "<group>"; };
		56E470121C5750720056BE17 /* CZAcitivityModelOfColumn.m */ = {isa = PBXFileReference; fileEncoding = 4; lastKnownFileType = sourcecode.c.objc; path = CZAcitivityModelOfColumn.m; sourceTree = "<group>"; };
		56E523531C75909A00794B0E /* CZPersonInfoViewController.h */ = {isa = PBXFileReference; fileEncoding = 4; lastKnownFileType = sourcecode.c.h; path = CZPersonInfoViewController.h; sourceTree = "<group>"; };
		56E523541C75909A00794B0E /* CZPersonInfoViewController.m */ = {isa = PBXFileReference; fileEncoding = 4; lastKnownFileType = sourcecode.c.objc; path = CZPersonInfoViewController.m; sourceTree = "<group>"; };
		56E523561C75922700794B0E /* CZPersonInfoCell.h */ = {isa = PBXFileReference; fileEncoding = 4; lastKnownFileType = sourcecode.c.h; path = CZPersonInfoCell.h; sourceTree = "<group>"; };
		56E523571C75922700794B0E /* CZPersonInfoCell.m */ = {isa = PBXFileReference; fileEncoding = 4; lastKnownFileType = sourcecode.c.objc; path = CZPersonInfoCell.m; sourceTree = "<group>"; };
		56E523591C759C1F00794B0E /* CZMyActivityViewContoller.h */ = {isa = PBXFileReference; fileEncoding = 4; lastKnownFileType = sourcecode.c.h; path = CZMyActivityViewContoller.h; sourceTree = "<group>"; };
		56E5235A1C759C1F00794B0E /* CZMyActivityViewContoller.m */ = {isa = PBXFileReference; fileEncoding = 4; lastKnownFileType = sourcecode.c.objc; path = CZMyActivityViewContoller.m; sourceTree = "<group>"; };
		56E5235C1C75A05100794B0E /* CZMyReleseViewController.h */ = {isa = PBXFileReference; fileEncoding = 4; lastKnownFileType = sourcecode.c.h; path = CZMyReleseViewController.h; sourceTree = "<group>"; };
		56E5235D1C75A05100794B0E /* CZMyReleseViewController.m */ = {isa = PBXFileReference; fileEncoding = 4; lastKnownFileType = sourcecode.c.objc; path = CZMyReleseViewController.m; sourceTree = "<group>"; };
		56E5235F1C75AAD200794B0E /* CZMyCollectionViewController.h */ = {isa = PBXFileReference; fileEncoding = 4; lastKnownFileType = sourcecode.c.h; path = CZMyCollectionViewController.h; sourceTree = "<group>"; };
		56E523601C75AAD200794B0E /* CZMyCollectionViewController.m */ = {isa = PBXFileReference; fileEncoding = 4; lastKnownFileType = sourcecode.c.objc; path = CZMyCollectionViewController.m; sourceTree = "<group>"; };
		56E523621C75AC1500794B0E /* CZAboutUsViewController.h */ = {isa = PBXFileReference; fileEncoding = 4; lastKnownFileType = sourcecode.c.h; path = CZAboutUsViewController.h; sourceTree = "<group>"; };
		56E523631C75AC1500794B0E /* CZAboutUsViewController.m */ = {isa = PBXFileReference; fileEncoding = 4; lastKnownFileType = sourcecode.c.objc; path = CZAboutUsViewController.m; sourceTree = "<group>"; };
		56E523651C75B1CE00794B0E /* CZFeedbackViewController.h */ = {isa = PBXFileReference; fileEncoding = 4; lastKnownFileType = sourcecode.c.h; path = CZFeedbackViewController.h; sourceTree = "<group>"; };
		56E523661C75B1CE00794B0E /* CZFeedbackViewController.m */ = {isa = PBXFileReference; fileEncoding = 4; lastKnownFileType = sourcecode.c.objc; path = CZFeedbackViewController.m; sourceTree = "<group>"; };
		56E523681C75BAAA00794B0E /* CZSettingViewController.h */ = {isa = PBXFileReference; fileEncoding = 4; lastKnownFileType = sourcecode.c.h; path = CZSettingViewController.h; sourceTree = "<group>"; };
		56E523691C75BAAA00794B0E /* CZSettingViewController.m */ = {isa = PBXFileReference; fileEncoding = 4; lastKnownFileType = sourcecode.c.objc; path = CZSettingViewController.m; sourceTree = "<group>"; };
		56E7AE721C706A77004593E6 /* CZAddScheduleViewController.h */ = {isa = PBXFileReference; fileEncoding = 4; lastKnownFileType = sourcecode.c.h; path = CZAddScheduleViewController.h; sourceTree = "<group>"; };
		56E7AE731C706A77004593E6 /* CZAddScheduleViewController.m */ = {isa = PBXFileReference; fileEncoding = 4; lastKnownFileType = sourcecode.c.objc; path = CZAddScheduleViewController.m; sourceTree = "<group>"; };
		56E7AE751C709C8C004593E6 /* CZButtonView.h */ = {isa = PBXFileReference; fileEncoding = 4; lastKnownFileType = sourcecode.c.h; path = CZButtonView.h; sourceTree = "<group>"; };
		56E7AE761C709C8C004593E6 /* CZButtonView.m */ = {isa = PBXFileReference; fileEncoding = 4; lastKnownFileType = sourcecode.c.objc; path = CZButtonView.m; sourceTree = "<group>"; };
		56E842761C4B88BC00D1D198 /* ActivityIntroduction.h */ = {isa = PBXFileReference; fileEncoding = 4; lastKnownFileType = sourcecode.c.h; path = ActivityIntroduction.h; sourceTree = "<group>"; };
		56E842771C4B88BC00D1D198 /* ActivityIntroduction.m */ = {isa = PBXFileReference; fileEncoding = 4; lastKnownFileType = sourcecode.c.objc; path = ActivityIntroduction.m; sourceTree = "<group>"; };
		56E842791C4BA74C00D1D198 /* CZTimeCell.h */ = {isa = PBXFileReference; fileEncoding = 4; lastKnownFileType = sourcecode.c.h; path = CZTimeCell.h; sourceTree = "<group>"; };
		56E8427A1C4BA74C00D1D198 /* CZTimeCell.m */ = {isa = PBXFileReference; fileEncoding = 4; lastKnownFileType = sourcecode.c.objc; path = CZTimeCell.m; sourceTree = "<group>"; };
		56E8427C1C4BB8E500D1D198 /* CZActivityInfoCell.h */ = {isa = PBXFileReference; fileEncoding = 4; lastKnownFileType = sourcecode.c.h; path = CZActivityInfoCell.h; sourceTree = "<group>"; };
		56E8427D1C4BB8E500D1D198 /* CZActivityInfoCell.m */ = {isa = PBXFileReference; fileEncoding = 4; lastKnownFileType = sourcecode.c.objc; path = CZActivityInfoCell.m; sourceTree = "<group>"; };
		56E8427F1C4BD21500D1D198 /* CZActivityDetailCell.h */ = {isa = PBXFileReference; fileEncoding = 4; lastKnownFileType = sourcecode.c.h; path = CZActivityDetailCell.h; sourceTree = "<group>"; };
		56E842801C4BD21500D1D198 /* CZActivityDetailCell.m */ = {isa = PBXFileReference; fileEncoding = 4; lastKnownFileType = sourcecode.c.objc; path = CZActivityDetailCell.m; sourceTree = "<group>"; };
/* End PBXFileReference section */

/* Begin PBXFrameworksBuildPhase section */
		561D00FC1C47D94C00E4E013 /* Frameworks */ = {
			isa = PBXFrameworksBuildPhase;
			buildActionMask = 2147483647;
			files = (
			);
			runOnlyForDeploymentPostprocessing = 0;
		};
		561D01151C47D94C00E4E013 /* Frameworks */ = {
			isa = PBXFrameworksBuildPhase;
			buildActionMask = 2147483647;
			files = (
			);
			runOnlyForDeploymentPostprocessing = 0;
		};
		561D01201C47D94C00E4E013 /* Frameworks */ = {
			isa = PBXFrameworksBuildPhase;
			buildActionMask = 2147483647;
			files = (
			);
			runOnlyForDeploymentPostprocessing = 0;
		};
/* End PBXFrameworksBuildPhase section */

/* Begin PBXGroup section */
		561D00F61C47D94C00E4E013 = {
			isa = PBXGroup;
			children = (
				561D01011C47D94C00E4E013 /* rc */,
				561D011B1C47D94C00E4E013 /* rcTests */,
				561D01261C47D94C00E4E013 /* rcUITests */,
				561D01001C47D94C00E4E013 /* Products */,
			);
			sourceTree = "<group>";
		};
		561D01001C47D94C00E4E013 /* Products */ = {
			isa = PBXGroup;
			children = (
				561D00FF1C47D94C00E4E013 /* rc.app */,
				561D01181C47D94C00E4E013 /* rcTests.xctest */,
				561D01231C47D94C00E4E013 /* rcUITests.xctest */,
			);
			name = Products;
			sourceTree = "<group>";
		};
		561D01011C47D94C00E4E013 /* rc */ = {
			isa = PBXGroup;
			children = (
				561D01CB1C47DA5600E4E013 /* Resources */,
				561D01C81C47DA5600E4E013 /* Others */,
				561D01C51C47DA5600E4E013 /* Main */,
				561D01361C47DA5600E4E013 /* Classes */,
				565EF6121C48EBA20067C032 /* Managers */,
				565EF6191C48EBA20067C032 /* Models */,
				561D01811C47DA5600E4E013 /* Framework */,
				561D01351C47DA5600E4E013 /* Assets.xcassets */,
				561D01021C47D94C00E4E013 /* Supporting Files */,
			);
			path = rc;
			sourceTree = "<group>";
		};
		561D01021C47D94C00E4E013 /* Supporting Files */ = {
			isa = PBXGroup;
			children = (
				561D01131C47D94C00E4E013 /* Info.plist */,
				561D01031C47D94C00E4E013 /* main.m */,
			);
			name = "Supporting Files";
			sourceTree = "<group>";
		};
		561D011B1C47D94C00E4E013 /* rcTests */ = {
			isa = PBXGroup;
			children = (
				561D011C1C47D94C00E4E013 /* rcTests.m */,
				561D011E1C47D94C00E4E013 /* Info.plist */,
			);
			path = rcTests;
			sourceTree = "<group>";
		};
		561D01261C47D94C00E4E013 /* rcUITests */ = {
			isa = PBXGroup;
			children = (
				561D01271C47D94C00E4E013 /* rcUITests.m */,
				561D01291C47D94C00E4E013 /* Info.plist */,
			);
			path = rcUITests;
			sourceTree = "<group>";
		};
		561D01361C47DA5600E4E013 /* Classes */ = {
			isa = PBXGroup;
			children = (
				561D013A1C47DA5600E4E013 /* HomePage */,
				561D01371C47DA5600E4E013 /* ColumnPage */,
				561D01551C47DA5600E4E013 /* SchedulePage */,
				561D01581C47DA5600E4E013 /* UserInfoPage */,
				564596A81C732A84006D8493 /* popupViewController */,
				56D7FB291C5794F6003247AF /* lib */,
			);
			path = Classes;
			sourceTree = "<group>";
		};
		561D01371C47DA5600E4E013 /* ColumnPage */ = {
			isa = PBXGroup;
			children = (
				565EF6081C48EB3B0067C032 /* Controller */,
				56E46FFC1C57088B0056BE17 /* View */,
				56E4700D1C574FFD0056BE17 /* Model */,
			);
			path = ColumnPage;
			sourceTree = "<group>";
		};
		561D013A1C47DA5600E4E013 /* HomePage */ = {
			isa = PBXGroup;
			children = (
				565EF5F41C48E9600067C032 /* Controller */,
				565EF5F51C48E9DB0067C032 /* View */,
			);
			path = HomePage;
			sourceTree = "<group>";
		};
		561D01551C47DA5600E4E013 /* SchedulePage */ = {
			isa = PBXGroup;
			children = (
				565EF60D1C48EB440067C032 /* Controller */,
				56B83C101C608CD6005FF427 /* View */,
			);
			path = SchedulePage;
			sourceTree = "<group>";
		};
		561D01581C47DA5600E4E013 /* UserInfoPage */ = {
			isa = PBXGroup;
			children = (
				565EF6291C48EC410067C032 /* Controller */,
				565EF63A1C48EC410067C032 /* View */,
			);
			path = UserInfoPage;
			sourceTree = "<group>";
		};
		561D01811C47DA5600E4E013 /* Framework */ = {
			isa = PBXGroup;
			children = (
				561D01821C47DA5600E4E013 /* AFNetworking */,
				561D01A81C47DA5600E4E013 /* Masonry */,
			);
			path = Framework;
			sourceTree = "<group>";
		};
		561D01821C47DA5600E4E013 /* AFNetworking */ = {
			isa = PBXGroup;
			children = (
				561D01831C47DA5600E4E013 /* AFNetworking */,
				561D01911C47DA5600E4E013 /* LICENSE */,
				561D01921C47DA5600E4E013 /* README.md */,
				561D01931C47DA5600E4E013 /* UIKit+AFNetworking */,
			);
			path = AFNetworking;
			sourceTree = "<group>";
		};
		561D01831C47DA5600E4E013 /* AFNetworking */ = {
			isa = PBXGroup;
			children = (
				561D01841C47DA5600E4E013 /* AFHTTPSessionManager.h */,
				561D01851C47DA5600E4E013 /* AFHTTPSessionManager.m */,
				561D01861C47DA5600E4E013 /* AFNetworking.h */,
				561D01871C47DA5600E4E013 /* AFNetworkReachabilityManager.h */,
				561D01881C47DA5600E4E013 /* AFNetworkReachabilityManager.m */,
				561D01891C47DA5600E4E013 /* AFSecurityPolicy.h */,
				561D018A1C47DA5600E4E013 /* AFSecurityPolicy.m */,
				561D018B1C47DA5600E4E013 /* AFURLRequestSerialization.h */,
				561D018C1C47DA5600E4E013 /* AFURLRequestSerialization.m */,
				561D018D1C47DA5600E4E013 /* AFURLResponseSerialization.h */,
				561D018E1C47DA5600E4E013 /* AFURLResponseSerialization.m */,
				561D018F1C47DA5600E4E013 /* AFURLSessionManager.h */,
				561D01901C47DA5600E4E013 /* AFURLSessionManager.m */,
			);
			path = AFNetworking;
			sourceTree = "<group>";
		};
		561D01931C47DA5600E4E013 /* UIKit+AFNetworking */ = {
			isa = PBXGroup;
			children = (
				561D01941C47DA5600E4E013 /* AFAutoPurgingImageCache.h */,
				561D01951C47DA5600E4E013 /* AFAutoPurgingImageCache.m */,
				561D01961C47DA5600E4E013 /* AFImageDownloader.h */,
				561D01971C47DA5600E4E013 /* AFImageDownloader.m */,
				561D01981C47DA5600E4E013 /* AFNetworkActivityIndicatorManager.h */,
				561D01991C47DA5600E4E013 /* AFNetworkActivityIndicatorManager.m */,
				561D019A1C47DA5600E4E013 /* UIActivityIndicatorView+AFNetworking.h */,
				561D019B1C47DA5600E4E013 /* UIActivityIndicatorView+AFNetworking.m */,
				561D019C1C47DA5600E4E013 /* UIButton+AFNetworking.h */,
				561D019D1C47DA5600E4E013 /* UIButton+AFNetworking.m */,
				561D019E1C47DA5600E4E013 /* UIImage+AFNetworking.h */,
				561D019F1C47DA5600E4E013 /* UIImageView+AFNetworking.h */,
				561D01A01C47DA5600E4E013 /* UIImageView+AFNetworking.m */,
				561D01A11C47DA5600E4E013 /* UIKit+AFNetworking.h */,
				561D01A21C47DA5600E4E013 /* UIProgressView+AFNetworking.h */,
				561D01A31C47DA5600E4E013 /* UIProgressView+AFNetworking.m */,
				561D01A41C47DA5600E4E013 /* UIRefreshControl+AFNetworking.h */,
				561D01A51C47DA5600E4E013 /* UIRefreshControl+AFNetworking.m */,
				561D01A61C47DA5600E4E013 /* UIWebView+AFNetworking.h */,
				561D01A71C47DA5600E4E013 /* UIWebView+AFNetworking.m */,
			);
			path = "UIKit+AFNetworking";
			sourceTree = "<group>";
		};
		561D01A81C47DA5600E4E013 /* Masonry */ = {
			isa = PBXGroup;
			children = (
				561D01A91C47DA5600E4E013 /* LICENSE */,
				561D01AA1C47DA5600E4E013 /* Masonry */,
				561D01C41C47DA5600E4E013 /* README.md */,
			);
			path = Masonry;
			sourceTree = "<group>";
		};
		561D01AA1C47DA5600E4E013 /* Masonry */ = {
			isa = PBXGroup;
			children = (
				561D01AB1C47DA5600E4E013 /* MASCompositeConstraint.h */,
				561D01AC1C47DA5600E4E013 /* MASCompositeConstraint.m */,
				561D01AD1C47DA5600E4E013 /* MASConstraint+Private.h */,
				561D01AE1C47DA5600E4E013 /* MASConstraint.h */,
				561D01AF1C47DA5600E4E013 /* MASConstraint.m */,
				561D01B01C47DA5600E4E013 /* MASConstraintMaker.h */,
				561D01B11C47DA5600E4E013 /* MASConstraintMaker.m */,
				561D01B21C47DA5600E4E013 /* MASLayoutConstraint.h */,
				561D01B31C47DA5600E4E013 /* MASLayoutConstraint.m */,
				561D01B41C47DA5600E4E013 /* Masonry.h */,
				561D01B51C47DA5600E4E013 /* MASUtilities.h */,
				561D01B61C47DA5600E4E013 /* MASViewAttribute.h */,
				561D01B71C47DA5600E4E013 /* MASViewAttribute.m */,
				561D01B81C47DA5600E4E013 /* MASViewConstraint.h */,
				561D01B91C47DA5600E4E013 /* MASViewConstraint.m */,
				561D01BA1C47DA5600E4E013 /* NSArray+MASAdditions.h */,
				561D01BB1C47DA5600E4E013 /* NSArray+MASAdditions.m */,
				561D01BC1C47DA5600E4E013 /* NSArray+MASShorthandAdditions.h */,
				561D01BD1C47DA5600E4E013 /* NSLayoutConstraint+MASDebugAdditions.h */,
				561D01BE1C47DA5600E4E013 /* NSLayoutConstraint+MASDebugAdditions.m */,
				561D01BF1C47DA5600E4E013 /* View+MASAdditions.h */,
				561D01C01C47DA5600E4E013 /* View+MASAdditions.m */,
				561D01C11C47DA5600E4E013 /* View+MASShorthandAdditions.h */,
				561D01C21C47DA5600E4E013 /* ViewController+MASAdditions.h */,
				561D01C31C47DA5600E4E013 /* ViewController+MASAdditions.m */,
			);
			path = Masonry;
			sourceTree = "<group>";
		};
		561D01C51C47DA5600E4E013 /* Main */ = {
			isa = PBXGroup;
			children = (
				561D010B1C47D94C00E4E013 /* Main.storyboard */,
				561D01101C47D94C00E4E013 /* LaunchScreen.storyboard */,
			);
			path = Main;
			sourceTree = "<group>";
		};
		561D01C81C47DA5600E4E013 /* Others */ = {
			isa = PBXGroup;
			children = (
				561D01C91C47DA5600E4E013 /* AppDelegate.h */,
				561D01CA1C47DA5600E4E013 /* AppDelegate.m */,
			);
			path = Others;
			sourceTree = "<group>";
		};
		561D01CB1C47DA5600E4E013 /* Resources */ = {
			isa = PBXGroup;
			children = (
				561D01CC1C47DA5600E4E013 /* 1.png */,
				561D01CD1C47DA5600E4E013 /* activityImage.png */,
				561D01CE1C47DA5600E4E013 /* Argentina.png */,
				561D01CF1C47DA5600E4E013 /* Chile.png */,
			);
			path = Resources;
			sourceTree = "<group>";
		};
		564596A81C732A84006D8493 /* popupViewController */ = {
			isa = PBXGroup;
			children = (
				564596A91C732A84006D8493 /* LewPopupBackgroundView.h */,
				564596AA1C732A84006D8493 /* LewPopupBackgroundView.m */,
				564596AB1C732A84006D8493 /* LewPopupViewAnimationDrop.h */,
				564596AC1C732A84006D8493 /* LewPopupViewAnimationDrop.m */,
				564596AD1C732A84006D8493 /* LewPopupViewAnimationFade.h */,
				564596AE1C732A84006D8493 /* LewPopupViewAnimationFade.m */,
				564596AF1C732A84006D8493 /* LewPopupViewAnimationSlide.h */,
				564596B01C732A84006D8493 /* LewPopupViewAnimationSlide.m */,
				564596B11C732A84006D8493 /* LewPopupViewAnimationSpring.h */,
				564596B21C732A84006D8493 /* LewPopupViewAnimationSpring.m */,
				564596B31C732A84006D8493 /* UIViewController+LewPopupViewController.h */,
				564596B41C732A84006D8493 /* UIViewController+LewPopupViewController.m */,
			);
			path = popupViewController;
			sourceTree = "<group>";
		};
		565EF5F41C48E9600067C032 /* Controller */ = {
			isa = PBXGroup;
			children = (
				56DF01EE1C4915CD00E80DFA /* CZNavigationViewController.h */,
				56DF01EF1C4915CD00E80DFA /* CZNavigationViewController.m */,
				565EF66A1C48ED1E0067C032 /* CZTabbarController.h */,
				565EF66B1C48ED1E0067C032 /* CZTabbarController.m */,
				56DF02301C49356100E80DFA /* CZActivityInfoViewController.h */,
				56DF02311C49356100E80DFA /* CZActivityInfoViewController.m */,
				56423F491C4FB4710072CCC3 /* CZHomeViewController.h */,
				56423F4A1C4FB4710072CCC3 /* CZHomeViewController.m */,
				565BCFB21C51CE570031ABBD /* CZTagSelectViewController.h */,
				565BCFB31C51CE580031ABBD /* CZTagSelectViewController.m */,
				56637D701C560DA10000BF46 /* CZCityViewController.h */,
				56637D711C560DA10000BF46 /* CZCityViewController.m */,
				56E2AAAB1C59E229009371F7 /* CZSearchViewController.h */,
				56E2AAAC1C59E229009371F7 /* CZSearchViewController.m */,
			);
			path = Controller;
			sourceTree = "<group>";
		};
		565EF5F51C48E9DB0067C032 /* View */ = {
			isa = PBXGroup;
			children = (
				565EF5F91C48EAA80067C032 /* CZActivityInfoHeaderView.h */,
				565EF5FA1C48EAA80067C032 /* CZActivityInfoHeaderView.m */,
				565EF5FB1C48EAA80067C032 /* CZHomeHeaderView.h */,
				565EF5FC1C48EAA80067C032 /* CZHomeHeaderView.m */,
				56E842791C4BA74C00D1D198 /* CZTimeCell.h */,
				56E8427A1C4BA74C00D1D198 /* CZTimeCell.m */,
				56E8427C1C4BB8E500D1D198 /* CZActivityInfoCell.h */,
				56E8427D1C4BB8E500D1D198 /* CZActivityInfoCell.m */,
				56E8427F1C4BD21500D1D198 /* CZActivityDetailCell.h */,
				56E842801C4BD21500D1D198 /* CZActivityDetailCell.m */,
				565BCFB51C51E4E30031ABBD /* CZMyTagCell.h */,
				565BCFB61C51E4E30031ABBD /* CZMyTagCell.m */,
				565BCFB81C51E4FD0031ABBD /* CZTagCell.h */,
				565BCFB91C51E4FD0031ABBD /* CZTagCell.m */,
				56637D691C55C4D90000BF46 /* CZTagCell.xib */,
				56637D731C5611230000BF46 /* CZCityView.h */,
				56637D741C5611230000BF46 /* CZCityView.m */,
				56E470051C5735900056BE17 /* CZCityButton.h */,
				56E470061C5735900056BE17 /* CZCityButton.m */,
				56814C141C58A64600CB60D6 /* CZRemindMeView.h */,
				56814C151C58A64600CB60D6 /* CZRemindMeView.m */,
				56E2AAA61C59A964009371F7 /* CZRemindTimeButton.h */,
				56E2AAA71C59A964009371F7 /* CZRemindTimeButton.m */,
				5674AF971C70B99100184A31 /* CZActivityCell.h */,
				5674AF981C70B99100184A31 /* CZActivityCell.m */,
			);
			path = View;
			sourceTree = "<group>";
		};
		565EF6081C48EB3B0067C032 /* Controller */ = {
			isa = PBXGroup;
			children = (
				565EF6091C48EB3B0067C032 /* CZColumnViewController.h */,
				565EF60A1C48EB3B0067C032 /* CZColumnViewController.m */,
				56814C111C58963200CB60D6 /* CZTagViewController.h */,
				56814C121C58963200CB60D6 /* CZTagViewController.m */,
			);
			path = Controller;
			sourceTree = "<group>";
		};
		565EF60D1C48EB440067C032 /* Controller */ = {
			isa = PBXGroup;
			children = (
				565EF60E1C48EB440067C032 /* CZScheduleViewController.h */,
				565EF60F1C48EB440067C032 /* CZScheduleViewController.m */,
				568676391C65E9820099726A /* CZScheduleInfoViewController.h */,
				5686763A1C65E9820099726A /* CZScheduleInfoViewController.m */,
				564EF4681C662F81006DFACE /* CZUpdateScheduleViewController.h */,
				564EF4691C662F81006DFACE /* CZUpdateScheduleViewController.m */,
				569E58DB1C6EC1B10060DCA6 /* CZMoreRemindTimeViewController.h */,
				569E58DC1C6EC1B10060DCA6 /* CZMoreRemindTimeViewController.m */,
				56E7AE721C706A77004593E6 /* CZAddScheduleViewController.h */,
				56E7AE731C706A77004593E6 /* CZAddScheduleViewController.m */,
			);
			path = Controller;
			sourceTree = "<group>";
		};
		565EF6121C48EBA20067C032 /* Managers */ = {
			isa = PBXGroup;
			children = (
				565EF6131C48EBA20067C032 /* DataManager.h */,
				565EF6141C48EBA20067C032 /* DataManager.m */,
				565EF6151C48EBA20067C032 /* NSNumber+Message.h */,
				565EF6161C48EBA20067C032 /* NSNumber+Message.m */,
				565EF6171C48EBA20067C032 /* UserModel.h */,
				565EF6181C48EBA20067C032 /* UserModel.m */,
			);
			path = Managers;
			sourceTree = "<group>";
		};
		565EF6191C48EBA20067C032 /* Models */ = {
			isa = PBXGroup;
			children = (
				565EF61A1C48EBA20067C032 /* Activity.h */,
				565EF61B1C48EBA20067C032 /* Activity.m */,
				565EF61C1C48EBA20067C032 /* ActivityModel.h */,
				565EF61D1C48EBA20067C032 /* ActivityModel.m */,
				565EF61E1C48EBA20067C032 /* BaseModel.h */,
				565EF61F1C48EBA20067C032 /* BaseModel.m */,
				565EF6201C48EBA20067C032 /* CityModel.h */,
				565EF6211C48EBA20067C032 /* CityModel.m */,
				56E842761C4B88BC00D1D198 /* ActivityIntroduction.h */,
				56E842771C4B88BC00D1D198 /* ActivityIntroduction.m */,
			);
			path = Models;
			sourceTree = "<group>";
		};
		565EF6291C48EC410067C032 /* Controller */ = {
			isa = PBXGroup;
			children = (
				565EF6321C48EC410067C032 /* CZMyInfoViewController.h */,
				565EF6331C48EC410067C032 /* CZMyInfoViewController.m */,
				56E523531C75909A00794B0E /* CZPersonInfoViewController.h */,
				56E523541C75909A00794B0E /* CZPersonInfoViewController.m */,
				56E523591C759C1F00794B0E /* CZMyActivityViewContoller.h */,
				56E5235A1C759C1F00794B0E /* CZMyActivityViewContoller.m */,
				56E5235C1C75A05100794B0E /* CZMyReleseViewController.h */,
				56E5235D1C75A05100794B0E /* CZMyReleseViewController.m */,
				56E5235F1C75AAD200794B0E /* CZMyCollectionViewController.h */,
				56E523601C75AAD200794B0E /* CZMyCollectionViewController.m */,
				56E523621C75AC1500794B0E /* CZAboutUsViewController.h */,
				56E523631C75AC1500794B0E /* CZAboutUsViewController.m */,
				56E523651C75B1CE00794B0E /* CZFeedbackViewController.h */,
				56E523661C75B1CE00794B0E /* CZFeedbackViewController.m */,
				56E523681C75BAAA00794B0E /* CZSettingViewController.h */,
				56E523691C75BAAA00794B0E /* CZSettingViewController.m */,
			);
			path = Controller;
			sourceTree = "<group>";
		};
		565EF63A1C48EC410067C032 /* View */ = {
			isa = PBXGroup;
			children = (
				56A191E01C756A3100E03B41 /* CZMyInfoCell.h */,
				56A191E11C756A3100E03B41 /* CZMyInfoCell.m */,
				56E523561C75922700794B0E /* CZPersonInfoCell.h */,
				56E523571C75922700794B0E /* CZPersonInfoCell.m */,
			);
			path = View;
			sourceTree = "<group>";
		};
		56B83C101C608CD6005FF427 /* View */ = {
			isa = PBXGroup;
			children = (
				56B83C161C608D0C005FF427 /* CZTimeCourseCell.h */,
				56B83C171C608D0C005FF427 /* CZTimeCourseCell.m */,
				56B83C1B1C609C2D005FF427 /* CZData.h */,
				56B83C1C1C609C2D005FF427 /* CZData.m */,
				562CC4441C6C962100774C22 /* CZTimeSelectView.h */,
				562CC4451C6C962100774C22 /* CZTimeSelectView.m */,
				569E58DE1C6ECA840060DCA6 /* CZMoreTimeCell.h */,
				569E58DF1C6ECA840060DCA6 /* CZMoreTimeCell.m */,
				569E58E11C6ECAA60060DCA6 /* CZRemindTimeCell.h */,
				569E58E21C6ECAA60060DCA6 /* CZRemindTimeCell.m */,
				565CBFA41C6F098500635EA4 /* CZTagSelectView.h */,
				565CBFA51C6F098500635EA4 /* CZTagSelectView.m */,
				565CBFA71C6F0ED500635EA4 /* CZTagWithLabelView.h */,
				565CBFA81C6F0ED500635EA4 /* CZTagWithLabelView.m */,
			);
			path = View;
			sourceTree = "<group>";
		};
		56D7FB291C5794F6003247AF /* lib */ = {
			isa = PBXGroup;
			children = (
				56D7FB2A1C579511003247AF /* UINavigationBar+Awesome.h */,
				56D7FB2B1C579511003247AF /* UINavigationBar+Awesome.m */,
			);
			path = lib;
			sourceTree = "<group>";
		};
		56E46FFC1C57088B0056BE17 /* View */ = {
			isa = PBXGroup;
			children = (
				56E4700A1C5749450056BE17 /* CZActivityOfColumn.h */,
				56E4700B1C5749450056BE17 /* CZActivityOfColumn.m */,
				56E7AE751C709C8C004593E6 /* CZButtonView.h */,
				56E7AE761C709C8C004593E6 /* CZButtonView.m */,
			);
			path = View;
			sourceTree = "<group>";
		};
		56E4700D1C574FFD0056BE17 /* Model */ = {
			isa = PBXGroup;
			children = (
				56E470111C5750720056BE17 /* CZAcitivityModelOfColumn.h */,
				56E470121C5750720056BE17 /* CZAcitivityModelOfColumn.m */,
			);
			path = Model;
			sourceTree = "<group>";
		};
/* End PBXGroup section */

/* Begin PBXNativeTarget section */
		561D00FE1C47D94C00E4E013 /* rc */ = {
			isa = PBXNativeTarget;
			buildConfigurationList = 561D012C1C47D94C00E4E013 /* Build configuration list for PBXNativeTarget "rc" */;
			buildPhases = (
				561D00FB1C47D94C00E4E013 /* Sources */,
				561D00FC1C47D94C00E4E013 /* Frameworks */,
				561D00FD1C47D94C00E4E013 /* Resources */,
			);
			buildRules = (
			);
			dependencies = (
			);
			name = rc;
			productName = rc;
			productReference = 561D00FF1C47D94C00E4E013 /* rc.app */;
			productType = "com.apple.product-type.application";
		};
		561D01171C47D94C00E4E013 /* rcTests */ = {
			isa = PBXNativeTarget;
			buildConfigurationList = 561D012F1C47D94C00E4E013 /* Build configuration list for PBXNativeTarget "rcTests" */;
			buildPhases = (
				561D01141C47D94C00E4E013 /* Sources */,
				561D01151C47D94C00E4E013 /* Frameworks */,
				561D01161C47D94C00E4E013 /* Resources */,
			);
			buildRules = (
			);
			dependencies = (
				561D011A1C47D94C00E4E013 /* PBXTargetDependency */,
			);
			name = rcTests;
			productName = rcTests;
			productReference = 561D01181C47D94C00E4E013 /* rcTests.xctest */;
			productType = "com.apple.product-type.bundle.unit-test";
		};
		561D01221C47D94C00E4E013 /* rcUITests */ = {
			isa = PBXNativeTarget;
			buildConfigurationList = 561D01321C47D94C00E4E013 /* Build configuration list for PBXNativeTarget "rcUITests" */;
			buildPhases = (
				561D011F1C47D94C00E4E013 /* Sources */,
				561D01201C47D94C00E4E013 /* Frameworks */,
				561D01211C47D94C00E4E013 /* Resources */,
			);
			buildRules = (
			);
			dependencies = (
				561D01251C47D94C00E4E013 /* PBXTargetDependency */,
			);
			name = rcUITests;
			productName = rcUITests;
			productReference = 561D01231C47D94C00E4E013 /* rcUITests.xctest */;
			productType = "com.apple.product-type.bundle.ui-testing";
		};
/* End PBXNativeTarget section */

/* Begin PBXProject section */
		561D00F71C47D94C00E4E013 /* Project object */ = {
			isa = PBXProject;
			attributes = {
				LastUpgradeCheck = 0710;
				ORGANIZATIONNAME = AlanZhang;
				TargetAttributes = {
					561D00FE1C47D94C00E4E013 = {
						CreatedOnToolsVersion = 7.1;
						DevelopmentTeam = 8VB53224H5;
					};
					561D01171C47D94C00E4E013 = {
						CreatedOnToolsVersion = 7.1;
						TestTargetID = 561D00FE1C47D94C00E4E013;
					};
					561D01221C47D94C00E4E013 = {
						CreatedOnToolsVersion = 7.1;
						TestTargetID = 561D00FE1C47D94C00E4E013;
					};
				};
			};
			buildConfigurationList = 561D00FA1C47D94C00E4E013 /* Build configuration list for PBXProject "rc" */;
			compatibilityVersion = "Xcode 3.2";
			developmentRegion = English;
			hasScannedForEncodings = 0;
			knownRegions = (
				en,
				Base,
			);
			mainGroup = 561D00F61C47D94C00E4E013;
			productRefGroup = 561D01001C47D94C00E4E013 /* Products */;
			projectDirPath = "";
			projectRoot = "";
			targets = (
				561D00FE1C47D94C00E4E013 /* rc */,
				561D01171C47D94C00E4E013 /* rcTests */,
				561D01221C47D94C00E4E013 /* rcUITests */,
			);
		};
/* End PBXProject section */

/* Begin PBXResourcesBuildPhase section */
		561D00FD1C47D94C00E4E013 /* Resources */ = {
			isa = PBXResourcesBuildPhase;
			buildActionMask = 2147483647;
			files = (
				561D02171C47DA5600E4E013 /* activityImage.png in Resources */,
				561D01FC1C47DA5600E4E013 /* LICENSE in Resources */,
				561D02071C47DA5600E4E013 /* LICENSE in Resources */,
				561D01121C47D94C00E4E013 /* LaunchScreen.storyboard in Resources */,
				561D02181C47DA5600E4E013 /* Argentina.png in Resources */,
				561D02191C47DA5600E4E013 /* Chile.png in Resources */,
				56637D6A1C55C4D90000BF46 /* CZTagCell.xib in Resources */,
				561D01D01C47DA5600E4E013 /* Assets.xcassets in Resources */,
				561D010D1C47D94C00E4E013 /* Main.storyboard in Resources */,
				561D02161C47DA5600E4E013 /* 1.png in Resources */,
			);
			runOnlyForDeploymentPostprocessing = 0;
		};
		561D01161C47D94C00E4E013 /* Resources */ = {
			isa = PBXResourcesBuildPhase;
			buildActionMask = 2147483647;
			files = (
			);
			runOnlyForDeploymentPostprocessing = 0;
		};
		561D01211C47D94C00E4E013 /* Resources */ = {
			isa = PBXResourcesBuildPhase;
			buildActionMask = 2147483647;
			files = (
			);
			runOnlyForDeploymentPostprocessing = 0;
		};
/* End PBXResourcesBuildPhase section */

/* Begin PBXSourcesBuildPhase section */
		561D00FB1C47D94C00E4E013 /* Sources */ = {
			isa = PBXSourcesBuildPhase;
			buildActionMask = 2147483647;
			files = (
				56E842781C4B88BC00D1D198 /* ActivityIntroduction.m in Sources */,
				56E5235B1C759C1F00794B0E /* CZMyActivityViewContoller.m in Sources */,
				561D01FF1C47DA5600E4E013 /* AFImageDownloader.m in Sources */,
				56423F4B1C4FB4710072CCC3 /* CZHomeViewController.m in Sources */,
				565EF6281C48EBA20067C032 /* CityModel.m in Sources */,
				565EF6111C48EB440067C032 /* CZScheduleViewController.m in Sources */,
				561D020D1C47DA5600E4E013 /* MASViewConstraint.m in Sources */,
				561D01FA1C47DA5600E4E013 /* AFURLResponseSerialization.m in Sources */,
				56B83C1D1C609C2D005FF427 /* CZData.m in Sources */,
				561D02081C47DA5600E4E013 /* MASCompositeConstraint.m in Sources */,
				561D02031C47DA5600E4E013 /* UIImageView+AFNetworking.m in Sources */,
				56D7FB2C1C579511003247AF /* UINavigationBar+Awesome.m in Sources */,
				561D01FE1C47DA5600E4E013 /* AFAutoPurgingImageCache.m in Sources */,
				565EF60C1C48EB3B0067C032 /* CZColumnViewController.m in Sources */,
				56E2AAAD1C59E229009371F7 /* CZSearchViewController.m in Sources */,
				565EF5FE1C48EAA80067C032 /* CZHomeHeaderView.m in Sources */,
				564EF46A1C662F81006DFACE /* CZUpdateScheduleViewController.m in Sources */,
				56B83C191C608D0C005FF427 /* CZTimeCourseCell.m in Sources */,
				561D02061C47DA5600E4E013 /* UIWebView+AFNetworking.m in Sources */,
				561D020F1C47DA5600E4E013 /* NSLayoutConstraint+MASDebugAdditions.m in Sources */,
				565EF6231C48EBA20067C032 /* NSNumber+Message.m in Sources */,
				562CC4461C6C962100774C22 /* CZTimeSelectView.m in Sources */,
				561D02121C47DA5600E4E013 /* README.md in Sources */,
				561D02051C47DA5600E4E013 /* UIRefreshControl+AFNetworking.m in Sources */,
				569E58E01C6ECA840060DCA6 /* CZMoreTimeCell.m in Sources */,
				56814C161C58A64600CB60D6 /* CZRemindMeView.m in Sources */,
				5686763B1C65E9820099726A /* CZScheduleInfoViewController.m in Sources */,
				561D020C1C47DA5600E4E013 /* MASViewAttribute.m in Sources */,
				56E5236A1C75BAAA00794B0E /* CZSettingViewController.m in Sources */,
				56E523671C75B1CE00794B0E /* CZFeedbackViewController.m in Sources */,
				56E470071C5735900056BE17 /* CZCityButton.m in Sources */,
				564596B91C732A84006D8493 /* LewPopupViewAnimationSpring.m in Sources */,
				56DF01F01C4915CD00E80DFA /* CZNavigationViewController.m in Sources */,
				565EF6221C48EBA20067C032 /* DataManager.m in Sources */,
				561D020E1C47DA5600E4E013 /* NSArray+MASAdditions.m in Sources */,
				56E8427E1C4BB8E500D1D198 /* CZActivityInfoCell.m in Sources */,
				56814C131C58963200CB60D6 /* CZTagViewController.m in Sources */,
				565EF6271C48EBA20067C032 /* BaseModel.m in Sources */,
				564596BA1C732A84006D8493 /* UIViewController+LewPopupViewController.m in Sources */,
				561D01F81C47DA5600E4E013 /* AFSecurityPolicy.m in Sources */,
				565EF6241C48EBA20067C032 /* UserModel.m in Sources */,
				565EF6251C48EBA20067C032 /* Activity.m in Sources */,
				561D02041C47DA5600E4E013 /* UIProgressView+AFNetworking.m in Sources */,
				56E5235E1C75A05100794B0E /* CZMyReleseViewController.m in Sources */,
				5674AF991C70B99100184A31 /* CZActivityCell.m in Sources */,
				56E523641C75AC1500794B0E /* CZAboutUsViewController.m in Sources */,
				565BCFB41C51CE580031ABBD /* CZTagSelectViewController.m in Sources */,
				56E4700C1C5749450056BE17 /* CZActivityOfColumn.m in Sources */,
				561D02001C47DA5600E4E013 /* AFNetworkActivityIndicatorManager.m in Sources */,
				561D020B1C47DA5600E4E013 /* MASLayoutConstraint.m in Sources */,
				56E523551C75909A00794B0E /* CZPersonInfoViewController.m in Sources */,
				561D02101C47DA5600E4E013 /* View+MASAdditions.m in Sources */,
				564596B51C732A84006D8493 /* LewPopupBackgroundView.m in Sources */,
				564596B81C732A84006D8493 /* LewPopupViewAnimationSlide.m in Sources */,
				56A191E21C756A3100E03B41 /* CZMyInfoCell.m in Sources */,
				56E7AE771C709C8C004593E6 /* CZButtonView.m in Sources */,
				561D02091C47DA5600E4E013 /* MASConstraint.m in Sources */,
				565BCFB71C51E4E30031ABBD /* CZMyTagCell.m in Sources */,
				561D02151C47DA5600E4E013 /* AppDelegate.m in Sources */,
				564596B61C732A84006D8493 /* LewPopupViewAnimationDrop.m in Sources */,
				565EF6571C48EC410067C032 /* CZMyInfoViewController.m in Sources */,
				565CBFA91C6F0ED500635EA4 /* CZTagWithLabelView.m in Sources */,
				56637D751C5611230000BF46 /* CZCityView.m in Sources */,
				565EF6261C48EBA20067C032 /* ActivityModel.m in Sources */,
				561D01F91C47DA5600E4E013 /* AFURLRequestSerialization.m in Sources */,
				56DF02321C49356100E80DFA /* CZActivityInfoViewController.m in Sources */,
				56E2AAA81C59A964009371F7 /* CZRemindTimeButton.m in Sources */,
				565EF66C1C48ED1E0067C032 /* CZTabbarController.m in Sources */,
				569E58E31C6ECAA60060DCA6 /* CZRemindTimeCell.m in Sources */,
				561D01FB1C47DA5600E4E013 /* AFURLSessionManager.m in Sources */,
				569E58DD1C6EC1B10060DCA6 /* CZMoreRemindTimeViewController.m in Sources */,
				565CBFA61C6F098500635EA4 /* CZTagSelectView.m in Sources */,
				565BCFBA1C51E4FD0031ABBD /* CZTagCell.m in Sources */,
				561D02011C47DA5600E4E013 /* UIActivityIndicatorView+AFNetworking.m in Sources */,
				56E523611C75AAD200794B0E /* CZMyCollectionViewController.m in Sources */,
				56E523581C75922700794B0E /* CZPersonInfoCell.m in Sources */,
				56E842811C4BD21500D1D198 /* CZActivityDetailCell.m in Sources */,
				561D01FD1C47DA5600E4E013 /* README.md in Sources */,
				56E470131C5750720056BE17 /* CZAcitivityModelOfColumn.m in Sources */,
				56637D721C560DA10000BF46 /* CZCityViewController.m in Sources */,
				56E8427B1C4BA74C00D1D198 /* CZTimeCell.m in Sources */,
				561D020A1C47DA5600E4E013 /* MASConstraintMaker.m in Sources */,
				561D01F61C47DA5600E4E013 /* AFHTTPSessionManager.m in Sources */,
				561D01F71C47DA5600E4E013 /* AFNetworkReachabilityManager.m in Sources */,
				561D02021C47DA5600E4E013 /* UIButton+AFNetworking.m in Sources */,
				564596B71C732A84006D8493 /* LewPopupViewAnimationFade.m in Sources */,
				561D01041C47D94C00E4E013 /* main.m in Sources */,
				565EF5FD1C48EAA80067C032 /* CZActivityInfoHeaderView.m in Sources */,
				56E7AE741C706A77004593E6 /* CZAddScheduleViewController.m in Sources */,
				561D02111C47DA5600E4E013 /* ViewController+MASAdditions.m in Sources */,
			);
			runOnlyForDeploymentPostprocessing = 0;
		};
		561D01141C47D94C00E4E013 /* Sources */ = {
			isa = PBXSourcesBuildPhase;
			buildActionMask = 2147483647;
			files = (
				561D011D1C47D94C00E4E013 /* rcTests.m in Sources */,
			);
			runOnlyForDeploymentPostprocessing = 0;
		};
		561D011F1C47D94C00E4E013 /* Sources */ = {
			isa = PBXSourcesBuildPhase;
			buildActionMask = 2147483647;
			files = (
				561D01281C47D94C00E4E013 /* rcUITests.m in Sources */,
			);
			runOnlyForDeploymentPostprocessing = 0;
		};
/* End PBXSourcesBuildPhase section */

/* Begin PBXTargetDependency section */
		561D011A1C47D94C00E4E013 /* PBXTargetDependency */ = {
			isa = PBXTargetDependency;
			target = 561D00FE1C47D94C00E4E013 /* rc */;
			targetProxy = 561D01191C47D94C00E4E013 /* PBXContainerItemProxy */;
		};
		561D01251C47D94C00E4E013 /* PBXTargetDependency */ = {
			isa = PBXTargetDependency;
			target = 561D00FE1C47D94C00E4E013 /* rc */;
			targetProxy = 561D01241C47D94C00E4E013 /* PBXContainerItemProxy */;
		};
/* End PBXTargetDependency section */

/* Begin PBXVariantGroup section */
		561D010B1C47D94C00E4E013 /* Main.storyboard */ = {
			isa = PBXVariantGroup;
			children = (
				561D010C1C47D94C00E4E013 /* Base */,
			);
			name = Main.storyboard;
			path = ..;
			sourceTree = "<group>";
		};
		561D01101C47D94C00E4E013 /* LaunchScreen.storyboard */ = {
			isa = PBXVariantGroup;
			children = (
				561D01111C47D94C00E4E013 /* Base */,
			);
			name = LaunchScreen.storyboard;
			path = ..;
			sourceTree = "<group>";
		};
/* End PBXVariantGroup section */

/* Begin XCBuildConfiguration section */
		561D012A1C47D94C00E4E013 /* Debug */ = {
			isa = XCBuildConfiguration;
			buildSettings = {
				ALWAYS_SEARCH_USER_PATHS = NO;
				CLANG_CXX_LANGUAGE_STANDARD = "gnu++0x";
				CLANG_CXX_LIBRARY = "libc++";
				CLANG_ENABLE_MODULES = YES;
				CLANG_ENABLE_OBJC_ARC = YES;
				CLANG_WARN_BOOL_CONVERSION = YES;
				CLANG_WARN_CONSTANT_CONVERSION = YES;
				CLANG_WARN_DIRECT_OBJC_ISA_USAGE = YES_ERROR;
				CLANG_WARN_EMPTY_BODY = YES;
				CLANG_WARN_ENUM_CONVERSION = YES;
				CLANG_WARN_INT_CONVERSION = YES;
				CLANG_WARN_OBJC_ROOT_CLASS = YES_ERROR;
				CLANG_WARN_UNREACHABLE_CODE = YES;
				CLANG_WARN__DUPLICATE_METHOD_MATCH = YES;
				"CODE_SIGN_IDENTITY[sdk=iphoneos*]" = "iPhone Developer";
				COPY_PHASE_STRIP = NO;
				DEBUG_INFORMATION_FORMAT = dwarf;
				ENABLE_STRICT_OBJC_MSGSEND = YES;
				ENABLE_TESTABILITY = YES;
				GCC_C_LANGUAGE_STANDARD = gnu99;
				GCC_DYNAMIC_NO_PIC = NO;
				GCC_NO_COMMON_BLOCKS = YES;
				GCC_OPTIMIZATION_LEVEL = 0;
				GCC_PREPROCESSOR_DEFINITIONS = (
					"DEBUG=1",
					"$(inherited)",
				);
				GCC_WARN_64_TO_32_BIT_CONVERSION = YES;
				GCC_WARN_ABOUT_RETURN_TYPE = YES_ERROR;
				GCC_WARN_UNDECLARED_SELECTOR = YES;
				GCC_WARN_UNINITIALIZED_AUTOS = YES_AGGRESSIVE;
				GCC_WARN_UNUSED_FUNCTION = YES;
				GCC_WARN_UNUSED_VARIABLE = YES;
				IPHONEOS_DEPLOYMENT_TARGET = 9.1;
				MTL_ENABLE_DEBUG_INFO = YES;
				ONLY_ACTIVE_ARCH = YES;
				SDKROOT = iphoneos;
			};
			name = Debug;
		};
		561D012B1C47D94C00E4E013 /* Release */ = {
			isa = XCBuildConfiguration;
			buildSettings = {
				ALWAYS_SEARCH_USER_PATHS = NO;
				CLANG_CXX_LANGUAGE_STANDARD = "gnu++0x";
				CLANG_CXX_LIBRARY = "libc++";
				CLANG_ENABLE_MODULES = YES;
				CLANG_ENABLE_OBJC_ARC = YES;
				CLANG_WARN_BOOL_CONVERSION = YES;
				CLANG_WARN_CONSTANT_CONVERSION = YES;
				CLANG_WARN_DIRECT_OBJC_ISA_USAGE = YES_ERROR;
				CLANG_WARN_EMPTY_BODY = YES;
				CLANG_WARN_ENUM_CONVERSION = YES;
				CLANG_WARN_INT_CONVERSION = YES;
				CLANG_WARN_OBJC_ROOT_CLASS = YES_ERROR;
				CLANG_WARN_UNREACHABLE_CODE = YES;
				CLANG_WARN__DUPLICATE_METHOD_MATCH = YES;
				"CODE_SIGN_IDENTITY[sdk=iphoneos*]" = "iPhone Developer";
				COPY_PHASE_STRIP = NO;
				DEBUG_INFORMATION_FORMAT = "dwarf-with-dsym";
				ENABLE_NS_ASSERTIONS = NO;
				ENABLE_STRICT_OBJC_MSGSEND = YES;
				GCC_C_LANGUAGE_STANDARD = gnu99;
				GCC_NO_COMMON_BLOCKS = YES;
				GCC_WARN_64_TO_32_BIT_CONVERSION = YES;
				GCC_WARN_ABOUT_RETURN_TYPE = YES_ERROR;
				GCC_WARN_UNDECLARED_SELECTOR = YES;
				GCC_WARN_UNINITIALIZED_AUTOS = YES_AGGRESSIVE;
				GCC_WARN_UNUSED_FUNCTION = YES;
				GCC_WARN_UNUSED_VARIABLE = YES;
				IPHONEOS_DEPLOYMENT_TARGET = 9.1;
				MTL_ENABLE_DEBUG_INFO = NO;
				SDKROOT = iphoneos;
				VALIDATE_PRODUCT = YES;
			};
			name = Release;
		};
		561D012D1C47D94C00E4E013 /* Debug */ = {
			isa = XCBuildConfiguration;
			buildSettings = {
				ASSETCATALOG_COMPILER_APPICON_NAME = AppIcon;
				CODE_SIGN_IDENTITY = "iPhone Developer";
				"CODE_SIGN_IDENTITY[sdk=iphoneos*]" = "iPhone Developer";
				INFOPLIST_FILE = rc/Info.plist;
				IPHONEOS_DEPLOYMENT_TARGET = 9.1;
				LD_RUNPATH_SEARCH_PATHS = "$(inherited) @executable_path/Frameworks";
				PRODUCT_BUNDLE_IDENTIFIER = com.zhang.rc;
				PRODUCT_NAME = "$(TARGET_NAME)";
				PROVISIONING_PROFILE = "";
			};
			name = Debug;
		};
		561D012E1C47D94C00E4E013 /* Release */ = {
			isa = XCBuildConfiguration;
			buildSettings = {
				ASSETCATALOG_COMPILER_APPICON_NAME = AppIcon;
				CODE_SIGN_IDENTITY = "iPhone Developer";
				"CODE_SIGN_IDENTITY[sdk=iphoneos*]" = "iPhone Developer";
				INFOPLIST_FILE = rc/Info.plist;
				IPHONEOS_DEPLOYMENT_TARGET = 9.1;
				LD_RUNPATH_SEARCH_PATHS = "$(inherited) @executable_path/Frameworks";
				PRODUCT_BUNDLE_IDENTIFIER = com.zhang.rc;
				PRODUCT_NAME = "$(TARGET_NAME)";
				PROVISIONING_PROFILE = "";
			};
			name = Release;
		};
		561D01301C47D94C00E4E013 /* Debug */ = {
			isa = XCBuildConfiguration;
			buildSettings = {
				BUNDLE_LOADER = "$(TEST_HOST)";
				INFOPLIST_FILE = rcTests/Info.plist;
				LD_RUNPATH_SEARCH_PATHS = "$(inherited) @executable_path/Frameworks @loader_path/Frameworks";
				PRODUCT_BUNDLE_IDENTIFIER = com.zhang.rcTests;
				PRODUCT_NAME = "$(TARGET_NAME)";
				TEST_HOST = "$(BUILT_PRODUCTS_DIR)/rc.app/rc";
			};
			name = Debug;
		};
		561D01311C47D94C00E4E013 /* Release */ = {
			isa = XCBuildConfiguration;
			buildSettings = {
				BUNDLE_LOADER = "$(TEST_HOST)";
				INFOPLIST_FILE = rcTests/Info.plist;
				LD_RUNPATH_SEARCH_PATHS = "$(inherited) @executable_path/Frameworks @loader_path/Frameworks";
				PRODUCT_BUNDLE_IDENTIFIER = com.zhang.rcTests;
				PRODUCT_NAME = "$(TARGET_NAME)";
				TEST_HOST = "$(BUILT_PRODUCTS_DIR)/rc.app/rc";
			};
			name = Release;
		};
		561D01331C47D94C00E4E013 /* Debug */ = {
			isa = XCBuildConfiguration;
			buildSettings = {
				INFOPLIST_FILE = rcUITests/Info.plist;
				LD_RUNPATH_SEARCH_PATHS = "$(inherited) @executable_path/Frameworks @loader_path/Frameworks";
				PRODUCT_BUNDLE_IDENTIFIER = com.zhang.rcUITests;
				PRODUCT_NAME = "$(TARGET_NAME)";
				TEST_TARGET_NAME = rc;
				USES_XCTRUNNER = YES;
			};
			name = Debug;
		};
		561D01341C47D94C00E4E013 /* Release */ = {
			isa = XCBuildConfiguration;
			buildSettings = {
				INFOPLIST_FILE = rcUITests/Info.plist;
				LD_RUNPATH_SEARCH_PATHS = "$(inherited) @executable_path/Frameworks @loader_path/Frameworks";
				PRODUCT_BUNDLE_IDENTIFIER = com.zhang.rcUITests;
				PRODUCT_NAME = "$(TARGET_NAME)";
				TEST_TARGET_NAME = rc;
				USES_XCTRUNNER = YES;
			};
			name = Release;
		};
/* End XCBuildConfiguration section */

/* Begin XCConfigurationList section */
		561D00FA1C47D94C00E4E013 /* Build configuration list for PBXProject "rc" */ = {
			isa = XCConfigurationList;
			buildConfigurations = (
				561D012A1C47D94C00E4E013 /* Debug */,
				561D012B1C47D94C00E4E013 /* Release */,
			);
			defaultConfigurationIsVisible = 0;
			defaultConfigurationName = Release;
		};
		561D012C1C47D94C00E4E013 /* Build configuration list for PBXNativeTarget "rc" */ = {
			isa = XCConfigurationList;
			buildConfigurations = (
				561D012D1C47D94C00E4E013 /* Debug */,
				561D012E1C47D94C00E4E013 /* Release */,
			);
			defaultConfigurationIsVisible = 0;
			defaultConfigurationName = Release;
		};
		561D012F1C47D94C00E4E013 /* Build configuration list for PBXNativeTarget "rcTests" */ = {
			isa = XCConfigurationList;
			buildConfigurations = (
				561D01301C47D94C00E4E013 /* Debug */,
				561D01311C47D94C00E4E013 /* Release */,
			);
			defaultConfigurationIsVisible = 0;
			defaultConfigurationName = Release;
		};
		561D01321C47D94C00E4E013 /* Build configuration list for PBXNativeTarget "rcUITests" */ = {
			isa = XCConfigurationList;
			buildConfigurations = (
				561D01331C47D94C00E4E013 /* Debug */,
				561D01341C47D94C00E4E013 /* Release */,
			);
			defaultConfigurationIsVisible = 0;
			defaultConfigurationName = Release;
		};
/* End XCConfigurationList section */
	};
	rootObject = 561D00F71C47D94C00E4E013 /* Project object */;
}
